{
  "version": 4,
  "terraform_version": "1.2.4",
  "serial": 227,
  "lineage": "e59fceed-a177-6aed-9a49-bb753e3d1f51",
  "outputs": {
    "Info": {
      "value": "  \r\n    Your new VSI(nelson-dbb-terra2-vsi1) IP is 163.109.86.183. The IPL has started and takes about 5 mins.\r\n    From your cloud UI, use the VSI action/serial term to view the MCS and IPL state.\r\n    Run \"terraform show\" to redisplay these instructions.\r\n\r\n    A special DEMO script (postinit) has been created to initialize a dev runtime on the new instance.    \r\n    Cut and paste the command below to run the script:\r\n       call App-Iac/postinit  163.109.86.183  \r\n\r\n    See the README.md for more details.        \r\n",
      "type": "string"
    }
  },
  "resources": [
    {
      "mode": "data",
      "type": "ibm_is_image",
      "name": "wazi",
      "provider": "provider[\"registry.terraform.io/ibm-cloud/ibm\"]",
      "instances": [
        {
          "schema_version": 0,
          "attributes": {
            "architecture": "s390x",
            "checksum": "aadc64947efd75055e1047ba8e7086d756541dc9a5832466be3fbef6c8eeaec4",
            "crn": "crn:v1:bluemix:public:is:br-sao:a/811f8abfbd32425597dc7ba40da98fa6::image:r042-e35f4293-fd0a-456e-b07c-3ac2bf34e162",
            "encryption": "none",
            "encryption_key": null,
            "id": "r042-e35f4293-fd0a-456e-b07c-3ac2bf34e162",
            "identifier": null,
            "name": "ibm-zos-2-4-s390x-dev-test-wazi-1",
            "os": "zos-2-4-s390x-dev-test",
            "source_volume": null,
            "status": "deprecated",
            "visibility": "public"
          },
          "sensitive_attributes": []
        }
      ]
    },
    {
      "mode": "data",
      "type": "ibm_is_ssh_key",
      "name": "ssh_key_id",
      "provider": "provider[\"registry.terraform.io/ibm-cloud/ibm\"]",
      "instances": [
        {
          "schema_version": 0,
          "attributes": {
            "crn": "crn:v1:bluemix:public:is:br-sao:a/bcc76eb6dfed85fe01d7c7481cf86102::key:r042-9268ae39-ebd9-450d-aecf-6c5bfc8464b1",
            "fingerprint": "SHA256:AbyNZRCPMzZSaCKnw+jTVj2DTnrxJ3q6TogRzslMU6Y",
            "id": "r042-9268ae39-ebd9-450d-aecf-6c5bfc8464b1",
            "length": 4096,
            "name": "nelson-ssh-key2",
            "public_key": "ssh-rsa AAAAB3NzaC1yc2EAAAADAQABAAACAQCo4NVnh0HWHSxN50LwC9i0OrMTxu/dVfo8qdp5fEk3ztS4s0wG4UDRXGrpOLip6NQjWvXMcjq7MlIQVCx9IQRMX2Ad8SlLJRFVIHnqeiZ1SGuw79/y6bP8wFwSNHTCmJjw5P2JixHNJOyfdHZJ+pzYlx5B8Kln+uDdewa5VzCkcjGMUDmMN+e9qD+yH+UX1exPQDBD2mO/gGXg5BNBSc98OWwLjL3xA2FzMMrbwaDPxlnTuZ0es41k9W5FwMI0q+Lb35h1GUUSSRpl5zoxZy+J9GoLR/F9tTId1ac4ZxAadqX4Pj040ZexDYSjLSfSmCK4x0fzxkTb2vvayVP8Q1bo09NHznPjLdTJLvuqiNnMQuaUTGINJS7w8MMUAsnICOBcFzfCMMIC6dn5Pmuogl+XazzmolqOXQw98f0sC1O7IM60gWArDCpxWxxqB76Z+wTZq8CA6Jm6nzNmjUK6Fj4ssX9bTe8u00U55qtGkB8KFvN42ojJmJyWa3T3rs4n3ET+9w1SWpCVrtuL75e5S27M1by1PN3WfFVFgUIWZQS3yRAxyY2LjKiCBenjog+CZKoBtPodzy3aR/T5/+hM3poLznIgmEBBw0wAmNIt4j6UyEsa2JSwjqjWIDnaA3qqJEhaylwI4lM8YKVFUA2u+DWK4iZn1039yt2aHte1ixAf7Q==",
            "resource_controller_url": "https://cloud.ibm.com/vpc/compute/sshKeys",
            "resource_crn": "crn:v1:bluemix:public:is:br-sao:a/bcc76eb6dfed85fe01d7c7481cf86102::key:r042-9268ae39-ebd9-450d-aecf-6c5bfc8464b1",
            "resource_group": null,
            "resource_group_name": "8d923eb7bb0a450baa9bafb46aba797e",
            "resource_name": "nelson-ssh-key2",
            "type": "rsa"
          },
          "sensitive_attributes": []
        }
      ]
    },
    {
      "mode": "data",
      "type": "ibm_resource_group",
      "name": "group",
      "provider": "provider[\"registry.terraform.io/ibm-cloud/ibm\"]",
      "instances": [
        {
          "schema_version": 0,
          "attributes": {
            "account_id": "bcc76eb6dfed85fe01d7c7481cf86102",
            "created_at": "2022-04-26T17:49:02.953Z",
            "crn": "crn:v1:bluemix:public:resource-controller::a/bcc76eb6dfed85fe01d7c7481cf86102::resource-group:8d923eb7bb0a450baa9bafb46aba797e",
            "id": "8d923eb7bb0a450baa9bafb46aba797e",
            "is_default": false,
            "name": "wazi-demo-rg",
            "payment_methods_url": null,
            "quota_id": "a3d7b8d01e261c24677937c29ab33f3c",
            "quota_url": "/v2/quota_definitions/a3d7b8d01e261c24677937c29ab33f3c",
            "resource_linkages": [],
            "state": "ACTIVE",
            "teams_url": null,
            "updated_at": "2022-04-26T17:49:02.953Z"
          },
          "sensitive_attributes": []
        }
      ]
    },
    {
      "mode": "managed",
      "type": "ibm_is_floating_ip",
      "name": "fip1",
      "provider": "provider[\"registry.terraform.io/ibm-cloud/ibm\"]",
      "instances": [
        {
          "schema_version": 0,
          "attributes": {
            "address": "163.109.86.183",
            "crn": "crn:v1:bluemix:public:is:br-sao-3:a/bcc76eb6dfed85fe01d7c7481cf86102::floating-ip:r042-cacd5243-da90-494e-a6f5-13b59d3a4f55",
            "id": "r042-cacd5243-da90-494e-a6f5-13b59d3a4f55",
            "name": "nelson-dbb-terra2-fip1",
            "resource_controller_url": "https://cloud.ibm.com/vpc-ext/network/floatingIPs",
            "resource_crn": "crn:v1:bluemix:public:is:br-sao-3:a/bcc76eb6dfed85fe01d7c7481cf86102::floating-ip:r042-cacd5243-da90-494e-a6f5-13b59d3a4f55",
            "resource_group": "8d923eb7bb0a450baa9bafb46aba797e",
            "resource_group_name": "wazi-demo-rg",
            "resource_name": "nelson-dbb-terra2-fip1",
            "resource_status": "available",
            "status": "available",
            "tags": [],
            "target": "02v7-67077eea-a5ef-40a6-a8f8-ddd2eb77d319",
            "target_list": [
              {
                "crn": "",
                "deleted": [],
                "href": "https://br-sao.iaas.cloud.ibm.com/v1/instances/02v7_a9159c25-9c47-43a5-8e8e-9697debe5ac9/network_interfaces/02v7-67077eea-a5ef-40a6-a8f8-ddd2eb77d319",
                "id": "02v7-67077eea-a5ef-40a6-a8f8-ddd2eb77d319",
                "name": "theater-name-goliath-unimpeded",
                "primary_ip": [
                  {
                    "address": "10.250.128.4",
                    "href": "https://br-sao.iaas.cloud.ibm.com/v1/subnets/02v7-4518f5a3-9f36-4dbb-ac70-e5074009096f/reserved_ips/02v7-6d260aad-e5fd-4170-b63e-9829b52f4b3b",
                    "name": "confiding-destiny-spiral-brave",
                    "reserved_ip": "02v7-6d260aad-e5fd-4170-b63e-9829b52f4b3b",
                    "resource_type": "subnet_reserved_ip"
                  }
                ],
                "resource_type": "network_interface"
              }
            ],
            "timeouts": null,
            "zone": "br-sao-3"
          },
          "sensitive_attributes": [],
          "private": "eyJlMmJmYjczMC1lY2FhLTExZTYtOGY4OC0zNDM2M2JjN2M0YzAiOnsiY3JlYXRlIjo2MDAwMDAwMDAwMDAsImRlbGV0ZSI6NjAwMDAwMDAwMDAwfX0=",
          "dependencies": [
            "data.ibm_is_image.wazi",
            "data.ibm_is_ssh_key.ssh_key_id",
            "data.ibm_resource_group.group",
            "ibm_is_instance.vsi1",
            "ibm_is_security_group.sg1",
            "ibm_is_subnet.subnet1",
            "ibm_is_vpc.vpc"
          ]
        }
      ]
    },
    {
      "mode": "managed",
      "type": "ibm_is_instance",
      "name": "vsi1",
      "provider": "provider[\"registry.terraform.io/ibm-cloud/ibm\"]",
      "instances": [
        {
          "schema_version": 0,
          "attributes": {
            "action": null,
            "auto_delete_volume": null,
            "availability_policy_host_failure": "restart",
            "bandwidth": 4000,
            "boot_volume": [
              {
                "encryption": "",
                "iops": 3000,
                "name": "preface-impeding-recount-component",
                "profile": "general-purpose",
                "size": 185,
                "snapshot": "",
                "volume_id": "r042-3b0866ee-184b-4d2c-90b7-18362cefd88d"
              }
            ],
            "crn": "crn:v1:bluemix:public:is:br-sao-3:a/bcc76eb6dfed85fe01d7c7481cf86102::instance:02v7_a9159c25-9c47-43a5-8e8e-9697debe5ac9",
            "dedicated_host": null,
            "dedicated_host_group": null,
            "default_trusted_profile_auto_link": null,
            "default_trusted_profile_target": null,
            "disks": [],
            "force_action": false,
            "force_recovery_time": null,
            "gpu": [],
            "id": "02v7_a9159c25-9c47-43a5-8e8e-9697debe5ac9",
            "image": "r042-e35f4293-fd0a-456e-b07c-3ac2bf34e162",
            "instance_template": null,
            "keys": [
              "r042-9268ae39-ebd9-450d-aecf-6c5bfc8464b1"
            ],
            "memory": 16,
            "metadata_service_enabled": null,
            "name": "nelson-dbb-terra2-vsi1",
            "network_interfaces": [],
            "placement_group": null,
            "placement_target": [],
            "primary_network_interface": [
              {
                "allow_ip_spoofing": false,
                "id": "02v7-67077eea-a5ef-40a6-a8f8-ddd2eb77d319",
                "name": "theater-name-goliath-unimpeded",
                "port_speed": 3000,
                "primary_ip": [
                  {
                    "address": "10.250.128.4",
                    "auto_delete": true,
                    "href": "https://br-sao.iaas.cloud.ibm.com/v1/subnets/02v7-4518f5a3-9f36-4dbb-ac70-e5074009096f/reserved_ips/02v7-6d260aad-e5fd-4170-b63e-9829b52f4b3b",
                    "name": "confiding-destiny-spiral-brave",
                    "reserved_ip": "02v7-6d260aad-e5fd-4170-b63e-9829b52f4b3b",
                    "resource_type": "subnet_reserved_ip"
                  }
                ],
                "primary_ipv4_address": "10.250.128.4",
                "security_groups": [
                  "r042-5900c215-5fc5-4f28-b002-33f771e91c36"
                ],
                "subnet": "02v7-4518f5a3-9f36-4dbb-ac70-e5074009096f"
              }
            ],
            "profile": "mz2o-2x16",
            "resource_controller_url": "https://cloud.ibm.com/vpc-ext/compute/vs",
            "resource_crn": "crn:v1:bluemix:public:is:br-sao-3:a/bcc76eb6dfed85fe01d7c7481cf86102::instance:02v7_a9159c25-9c47-43a5-8e8e-9697debe5ac9",
            "resource_group": "8d923eb7bb0a450baa9bafb46aba797e",
            "resource_group_name": "wazi-demo-rg",
            "resource_name": "nelson-dbb-terra2-vsi1",
            "resource_status": "running",
            "status": "running",
            "status_reasons": [],
            "tags": [],
            "timeouts": null,
            "total_network_bandwidth": 3000,
            "total_volume_bandwidth": 1000,
            "user_data": null,
            "vcpu": [
              {
                "architecture": "s390x",
                "count": 2
              }
            ],
            "volume_attachments": [
              {
                "id": "02v7-20698fb9-2eba-4dfd-b8c5-b7ab5f1c5510",
                "name": "squeezed-unsealed-scan-castle",
                "volume_crn": "crn:v1:bluemix:public:is:br-sao-3:a/bcc76eb6dfed85fe01d7c7481cf86102::volume:r042-3b0866ee-184b-4d2c-90b7-18362cefd88d",
                "volume_id": "r042-3b0866ee-184b-4d2c-90b7-18362cefd88d",
                "volume_name": "preface-impeding-recount-component"
              }
            ],
            "volumes": null,
            "vpc": "r042-098c475b-a1d2-473a-84ed-4bad91cdede3",
            "wait_before_delete": true,
            "zone": "br-sao-3"
          },
          "sensitive_attributes": [],
          "private": "eyJlMmJmYjczMC1lY2FhLTExZTYtOGY4OC0zNDM2M2JjN2M0YzAiOnsiY3JlYXRlIjoxODAwMDAwMDAwMDAwLCJkZWxldGUiOjE4MDAwMDAwMDAwMDAsInVwZGF0ZSI6MTgwMDAwMDAwMDAwMH19",
          "dependencies": [
            "data.ibm_is_image.wazi",
            "data.ibm_is_ssh_key.ssh_key_id",
            "data.ibm_resource_group.group",
            "ibm_is_security_group.sg1",
            "ibm_is_subnet.subnet1",
            "ibm_is_vpc.vpc"
          ]
        }
      ]
    },
    {
      "mode": "managed",
      "type": "ibm_is_security_group",
      "name": "sg1",
      "provider": "provider[\"registry.terraform.io/ibm-cloud/ibm\"]",
      "instances": [
        {
          "schema_version": 0,
          "attributes": {
            "crn": "crn:v1:bluemix:public:is:br-sao:a/bcc76eb6dfed85fe01d7c7481cf86102::security-group:r042-5900c215-5fc5-4f28-b002-33f771e91c36",
            "id": "r042-5900c215-5fc5-4f28-b002-33f771e91c36",
            "name": "nelson-dbb-terra2-sg1",
            "resource_controller_url": "https://cloud.ibm.com/vpc-ext/network/securityGroups",
            "resource_crn": "crn:v1:bluemix:public:is:br-sao:a/bcc76eb6dfed85fe01d7c7481cf86102::security-group:r042-5900c215-5fc5-4f28-b002-33f771e91c36",
            "resource_group": "8d923eb7bb0a450baa9bafb46aba797e",
            "resource_group_name": "wazi-demo-rg",
            "resource_name": "nelson-dbb-terra2-sg1",
            "rules": [],
            "tags": [],
            "vpc": "r042-098c475b-a1d2-473a-84ed-4bad91cdede3"
          },
          "sensitive_attributes": [],
          "private": "bnVsbA==",
          "dependencies": [
            "data.ibm_resource_group.group",
            "ibm_is_vpc.vpc"
          ]
        }
      ]
    },
    {
      "mode": "managed",
      "type": "ibm_is_security_group_rule",
      "name": "all_out",
      "provider": "provider[\"registry.terraform.io/ibm-cloud/ibm\"]",
      "instances": [
        {
          "schema_version": 0,
          "attributes": {
            "direction": "outbound",
            "group": "r042-5900c215-5fc5-4f28-b002-33f771e91c36",
            "icmp": [],
            "id": "r042-5900c215-5fc5-4f28-b002-33f771e91c36.r042-754580e8-b10b-4684-bd06-89044ea77b03",
            "ip_version": "ipv4",
            "protocol": "all",
            "related_crn": "crn:v1:bluemix:public:is:br-sao:a/bcc76eb6dfed85fe01d7c7481cf86102::security-group:r042-5900c215-5fc5-4f28-b002-33f771e91c36",
            "remote": "0.0.0.0/0",
            "rule_id": "r042-754580e8-b10b-4684-bd06-89044ea77b03",
            "tcp": [],
            "udp": []
          },
          "sensitive_attributes": [],
          "private": "bnVsbA==",
          "dependencies": [
            "data.ibm_resource_group.group",
            "ibm_is_security_group.sg1",
            "ibm_is_vpc.vpc"
          ]
        }
      ]
    },
    {
      "mode": "managed",
      "type": "ibm_is_security_group_rule",
      "name": "ingress_ssh_all",
      "provider": "provider[\"registry.terraform.io/ibm-cloud/ibm\"]",
      "instances": [
        {
          "schema_version": 0,
          "attributes": {
            "direction": "inbound",
            "group": "r042-5900c215-5fc5-4f28-b002-33f771e91c36",
            "icmp": [],
            "id": "r042-5900c215-5fc5-4f28-b002-33f771e91c36.r042-c6ca8e67-9967-4adb-bdc9-fc3edc39195e",
            "ip_version": "ipv4",
            "protocol": "tcp",
            "related_crn": "crn:v1:bluemix:public:is:br-sao:a/bcc76eb6dfed85fe01d7c7481cf86102::security-group:r042-5900c215-5fc5-4f28-b002-33f771e91c36",
            "remote": "0.0.0.0/0",
            "rule_id": "r042-c6ca8e67-9967-4adb-bdc9-fc3edc39195e",
            "tcp": [
              {
                "port_max": 65535,
                "port_min": 21
              }
            ],
            "udp": []
          },
          "sensitive_attributes": [],
          "private": "bnVsbA==",
          "dependencies": [
            "data.ibm_resource_group.group",
            "ibm_is_security_group.sg1",
            "ibm_is_vpc.vpc"
          ]
        }
      ]
    },
    {
      "mode": "managed",
      "type": "ibm_is_subnet",
      "name": "subnet1",
      "provider": "provider[\"registry.terraform.io/ibm-cloud/ibm\"]",
      "instances": [
        {
          "schema_version": 0,
          "attributes": {
            "access_tags": [],
            "available_ipv4_address_count": 251,
            "crn": "crn:v1:bluemix:public:is:br-sao-3:a/bcc76eb6dfed85fe01d7c7481cf86102::subnet:02v7-4518f5a3-9f36-4dbb-ac70-e5074009096f",
            "id": "02v7-4518f5a3-9f36-4dbb-ac70-e5074009096f",
            "ip_version": "ipv4",
            "ipv4_cidr_block": "10.250.128.0/24",
            "name": "nelson-dbb-terra2-subnet1",
            "network_acl": "r042-e96d16ef-6c38-4d50-a594-948310e10f0a",
            "public_gateway": "",
            "resource_controller_url": "https://cloud.ibm.com/vpc-ext/network/subnets",
            "resource_crn": "crn:v1:bluemix:public:is:br-sao-3:a/bcc76eb6dfed85fe01d7c7481cf86102::subnet:02v7-4518f5a3-9f36-4dbb-ac70-e5074009096f",
            "resource_group": "8d923eb7bb0a450baa9bafb46aba797e",
            "resource_group_name": "wazi-demo-rg",
            "resource_name": "nelson-dbb-terra2-subnet1",
            "resource_status": "available",
            "routing_table": "r042-f52bc819-3448-4b01-8775-c8fbe355d290",
            "status": "available",
            "tags": [],
            "timeouts": null,
            "total_ipv4_address_count": 256,
            "vpc": "r042-098c475b-a1d2-473a-84ed-4bad91cdede3",
            "zone": "br-sao-3"
          },
          "sensitive_attributes": [],
          "private": "eyJlMmJmYjczMC1lY2FhLTExZTYtOGY4OC0zNDM2M2JjN2M0YzAiOnsiY3JlYXRlIjo2MDAwMDAwMDAwMDAsImRlbGV0ZSI6NjAwMDAwMDAwMDAwLCJ1cGRhdGUiOjYwMDAwMDAwMDAwMH19",
          "dependencies": [
            "data.ibm_resource_group.group",
            "ibm_is_vpc.vpc"
          ]
        }
      ]
    },
    {
      "mode": "managed",
      "type": "ibm_is_vpc",
      "name": "vpc",
      "provider": "provider[\"registry.terraform.io/ibm-cloud/ibm\"]",
      "instances": [
        {
          "schema_version": 0,
          "attributes": {
            "address_prefix_management": "auto",
            "classic_access": false,
            "crn": "crn:v1:bluemix:public:is:br-sao:a/bcc76eb6dfed85fe01d7c7481cf86102::vpc:r042-098c475b-a1d2-473a-84ed-4bad91cdede3",
            "cse_source_addresses": [
              {
                "address": "10.12.178.57",
                "zone_name": "br-sao-1"
              },
              {
                "address": "10.12.71.143",
                "zone_name": "br-sao-2"
              },
              {
                "address": "10.12.81.3",
                "zone_name": "br-sao-3"
              }
            ],
            "default_network_acl": "r042-e96d16ef-6c38-4d50-a594-948310e10f0a",
            "default_network_acl_crn": "crn:v1:bluemix:public:is:br-sao:a/bcc76eb6dfed85fe01d7c7481cf86102::network-acl:r042-e96d16ef-6c38-4d50-a594-948310e10f0a",
            "default_network_acl_name": "wreath-thinning-sector-sister",
            "default_routing_table": "r042-f52bc819-3448-4b01-8775-c8fbe355d290",
            "default_routing_table_name": "crewless-wilt-shudder-washout",
            "default_security_group": "r042-73127f90-2e33-4ea2-820c-7e8d1257c4e5",
            "default_security_group_crn": "crn:v1:bluemix:public:is:br-sao:a/bcc76eb6dfed85fe01d7c7481cf86102::security-group:r042-73127f90-2e33-4ea2-820c-7e8d1257c4e5",
            "default_security_group_name": "icy-taking-twitter-landless",
            "id": "r042-098c475b-a1d2-473a-84ed-4bad91cdede3",
            "name": "nelson-dbb-terra2",
            "resource_controller_url": "https://cloud.ibm.com/vpc-ext/network/vpcs",
            "resource_crn": "crn:v1:bluemix:public:is:br-sao:a/bcc76eb6dfed85fe01d7c7481cf86102::vpc:r042-098c475b-a1d2-473a-84ed-4bad91cdede3",
            "resource_group": "8d923eb7bb0a450baa9bafb46aba797e",
            "resource_group_name": "wazi-demo-rg",
            "resource_name": "nelson-dbb-terra2",
            "resource_status": "available",
            "security_group": [
              {
                "group_id": "r042-73127f90-2e33-4ea2-820c-7e8d1257c4e5",
                "group_name": "icy-taking-twitter-landless",
                "rules": [
                  {
                    "code": 0,
                    "direction": "outbound",
                    "ip_version": "ipv4",
                    "port_max": 0,
                    "port_min": 0,
                    "protocol": "all",
                    "remote": "0.0.0.0/0",
                    "rule_id": "r042-a7d48ce5-b8ee-44a1-b11e-7644324cb9a1",
                    "type": 0
                  },
                  {
                    "code": 0,
                    "direction": "inbound",
                    "ip_version": "ipv4",
                    "port_max": 0,
                    "port_min": 0,
                    "protocol": "all",
                    "remote": "r042-73127f90-2e33-4ea2-820c-7e8d1257c4e5",
                    "rule_id": "r042-17646bde-b6f2-4186-96cd-926621fc0b4c",
                    "type": 0
                  }
                ]
              }
            ],
            "status": "available",
            "subnets": [],
            "tags": [],
            "timeouts": null
          },
          "sensitive_attributes": [],
          "private": "eyJlMmJmYjczMC1lY2FhLTExZTYtOGY4OC0zNDM2M2JjN2M0YzAiOnsiY3JlYXRlIjo2MDAwMDAwMDAwMDAsImRlbGV0ZSI6NjAwMDAwMDAwMDAwfX0=",
          "dependencies": [
            "data.ibm_resource_group.group"
          ]
        }
      ]
    }
  ]
}
