{
  "version": 4,
  "terraform_version": "1.2.4",
  "serial": 111,
  "lineage": "e59fceed-a177-6aed-9a49-bb753e3d1f51",
  "outputs": {
    "Info": {
      "value": "  \r\n    Your new VSI(nelson-dbb-terra2-vsi1) IP is 163.109.92.7. The IPL has started and takes about 5 mins.\r\n    From your cloud UI, use the VSI action/serial term to view the MCS and IPL state.\r\n    Run \"terraform show\" to redisplay these instructions.\r\n\r\n    A special DEMO script (postinit) has been created to initialize a dev runtime on the new instance.    \r\n    Cut and paste the command below to run the script:\r\n       call App-Iac/postinit  163.109.92.7  \r\n\r\n    See the README.md for more details.        \r\n",
      "type": "string"
    }
  },
  "resources": [
    {
      "mode": "data",
      "type": "ibm_is_image",
      "name": "wazi",
      "provider": "provider[\"registry.terraform.io/ibm-cloud/ibm\"]",
      "instances": [
        {
          "schema_version": 0,
          "attributes": {
            "architecture": "s390x",
            "checksum": "aadc64947efd75055e1047ba8e7086d756541dc9a5832466be3fbef6c8eeaec4",
            "crn": "crn:v1:bluemix:public:is:br-sao:a/811f8abfbd32425597dc7ba40da98fa6::image:r042-e35f4293-fd0a-456e-b07c-3ac2bf34e162",
            "encryption": "none",
            "encryption_key": null,
            "id": "r042-e35f4293-fd0a-456e-b07c-3ac2bf34e162",
            "identifier": null,
            "name": "ibm-zos-2-4-s390x-dev-test-wazi-1",
            "os": "zos-2-4-s390x-dev-test",
            "source_volume": null,
            "status": "deprecated",
            "visibility": "public"
          },
          "sensitive_attributes": []
        }
      ]
    },
    {
      "mode": "data",
      "type": "ibm_is_ssh_key",
      "name": "ssh_key_id",
      "provider": "provider[\"registry.terraform.io/ibm-cloud/ibm\"]",
      "instances": [
        {
          "schema_version": 0,
          "attributes": {
            "crn": "crn:v1:bluemix:public:is:br-sao:a/bcc76eb6dfed85fe01d7c7481cf86102::key:r042-0600494d-eb60-4156-ae0f-b94aeb2c153c",
            "fingerprint": "SHA256:6XLdVhxcP+Ore6GkB+QvsV7u7aH0YcHza61uCilENM0",
            "id": "r042-0600494d-eb60-4156-ae0f-b94aeb2c153c",
            "length": 1024,
            "name": "nelsons-pub-ssh-key",
            "public_key": "ssh-rsa AAAAB3NzaC1yc2EAAAADAQABAAAAgQCbqcCQ9HvAAYwIeWp6BGW0kSmjkN0LVeej6j7MTcZh4lbrrcArMZ6uCLJa8iJQCoyL5+PWXLqICY+Z2iwh+6qHh4PXPRQH+V5uyVtX4U/iqD6vrnzphNqZe05dIBTpL5j+UgNDZTDJV7DpZYHKbUgb4e5u/2Ii1d89vQCc9krPjw==",
            "resource_controller_url": "https://cloud.ibm.com/vpc/compute/sshKeys",
            "resource_crn": "crn:v1:bluemix:public:is:br-sao:a/bcc76eb6dfed85fe01d7c7481cf86102::key:r042-0600494d-eb60-4156-ae0f-b94aeb2c153c",
            "resource_group": null,
            "resource_group_name": "8d923eb7bb0a450baa9bafb46aba797e",
            "resource_name": "nelsons-pub-ssh-key",
            "type": "rsa"
          },
          "sensitive_attributes": []
        }
      ]
    },
    {
      "mode": "data",
      "type": "ibm_resource_group",
      "name": "group",
      "provider": "provider[\"registry.terraform.io/ibm-cloud/ibm\"]",
      "instances": [
        {
          "schema_version": 0,
          "attributes": {
            "account_id": "bcc76eb6dfed85fe01d7c7481cf86102",
            "created_at": "2022-04-26T17:49:02.953Z",
            "crn": "crn:v1:bluemix:public:resource-controller::a/bcc76eb6dfed85fe01d7c7481cf86102::resource-group:8d923eb7bb0a450baa9bafb46aba797e",
            "id": "8d923eb7bb0a450baa9bafb46aba797e",
            "is_default": false,
            "name": "wazi-demo-rg",
            "payment_methods_url": null,
            "quota_id": "a3d7b8d01e261c24677937c29ab33f3c",
            "quota_url": "/v2/quota_definitions/a3d7b8d01e261c24677937c29ab33f3c",
            "resource_linkages": [],
            "state": "ACTIVE",
            "teams_url": null,
            "updated_at": "2022-04-26T17:49:02.953Z"
          },
          "sensitive_attributes": []
        }
      ]
    },
    {
      "mode": "managed",
      "type": "ibm_is_floating_ip",
      "name": "fip1",
      "provider": "provider[\"registry.terraform.io/ibm-cloud/ibm\"]",
      "instances": [
        {
          "schema_version": 0,
          "attributes": {
            "address": "163.109.92.7",
            "crn": "crn:v1:bluemix:public:is:br-sao-3:a/bcc76eb6dfed85fe01d7c7481cf86102::floating-ip:r042-27bbe92e-8a7c-43d6-904e-03be7bfb22df",
            "id": "r042-27bbe92e-8a7c-43d6-904e-03be7bfb22df",
            "name": "nelson-dbb-terra2-fip1",
            "resource_controller_url": "https://cloud.ibm.com/vpc-ext/network/floatingIPs",
            "resource_crn": "crn:v1:bluemix:public:is:br-sao-3:a/bcc76eb6dfed85fe01d7c7481cf86102::floating-ip:r042-27bbe92e-8a7c-43d6-904e-03be7bfb22df",
            "resource_group": "8d923eb7bb0a450baa9bafb46aba797e",
            "resource_group_name": "wazi-demo-rg",
            "resource_name": "nelson-dbb-terra2-fip1",
            "resource_status": "available",
            "status": "available",
            "tags": [],
            "target": "02v7-9a2c823a-bf44-4c03-a653-a654e777086a",
            "target_list": [
              {
                "crn": "",
                "deleted": [],
                "href": "https://br-sao.iaas.cloud.ibm.com/v1/instances/02v7_9bd4b3aa-0e53-4df2-9b6c-f0b7a8b513fb/network_interfaces/02v7-9a2c823a-bf44-4c03-a653-a654e777086a",
                "id": "02v7-9a2c823a-bf44-4c03-a653-a654e777086a",
                "name": "playpen-willpower-hedge-designed",
                "primary_ip": [
                  {
                    "address": "10.250.128.4",
                    "href": "https://br-sao.iaas.cloud.ibm.com/v1/subnets/02v7-877bde14-5cf0-48ad-8bde-99bfa50481a4/reserved_ips/02v7-ef0019f6-00f5-4ba7-a2ee-493cf2175c2d",
                    "name": "asparagus-winnings-unlighted-gallon",
                    "reserved_ip": "02v7-ef0019f6-00f5-4ba7-a2ee-493cf2175c2d",
                    "resource_type": "subnet_reserved_ip"
                  }
                ],
                "resource_type": "network_interface"
              }
            ],
            "timeouts": null,
            "zone": "br-sao-3"
          },
          "sensitive_attributes": [],
          "private": "eyJlMmJmYjczMC1lY2FhLTExZTYtOGY4OC0zNDM2M2JjN2M0YzAiOnsiY3JlYXRlIjo2MDAwMDAwMDAwMDAsImRlbGV0ZSI6NjAwMDAwMDAwMDAwfX0=",
          "dependencies": [
            "data.ibm_is_image.wazi",
            "data.ibm_is_ssh_key.ssh_key_id",
            "data.ibm_resource_group.group",
            "ibm_is_instance.vsi1",
            "ibm_is_security_group.sg1",
            "ibm_is_subnet.subnet1",
            "ibm_is_vpc.vpc"
          ]
        }
      ]
    },
    {
      "mode": "managed",
      "type": "ibm_is_instance",
      "name": "vsi1",
      "provider": "provider[\"registry.terraform.io/ibm-cloud/ibm\"]",
      "instances": [
        {
          "schema_version": 0,
          "attributes": {
            "action": null,
            "auto_delete_volume": null,
            "availability_policy_host_failure": "restart",
            "bandwidth": 4000,
            "boot_volume": [
              {
                "encryption": "",
                "iops": 3000,
                "name": "wrongful-cathedral-jingling-sprinkled",
                "profile": "general-purpose",
                "size": 185,
                "snapshot": "",
                "volume_id": "r042-f3ef0795-76b4-4638-9332-5607c011ab28"
              }
            ],
            "crn": "crn:v1:bluemix:public:is:br-sao-3:a/bcc76eb6dfed85fe01d7c7481cf86102::instance:02v7_9bd4b3aa-0e53-4df2-9b6c-f0b7a8b513fb",
            "dedicated_host": null,
            "dedicated_host_group": null,
            "default_trusted_profile_auto_link": null,
            "default_trusted_profile_target": null,
            "disks": [],
            "force_action": false,
            "force_recovery_time": null,
            "gpu": [],
            "id": "02v7_9bd4b3aa-0e53-4df2-9b6c-f0b7a8b513fb",
            "image": "r042-e35f4293-fd0a-456e-b07c-3ac2bf34e162",
            "instance_template": null,
            "keys": [
              "r042-0600494d-eb60-4156-ae0f-b94aeb2c153c"
            ],
            "memory": 16,
            "metadata_service_enabled": null,
            "name": "nelson-dbb-terra2-vsi1",
            "network_interfaces": [],
            "placement_group": null,
            "placement_target": [],
            "primary_network_interface": [
              {
                "allow_ip_spoofing": false,
                "id": "02v7-9a2c823a-bf44-4c03-a653-a654e777086a",
                "name": "playpen-willpower-hedge-designed",
                "port_speed": 3000,
                "primary_ip": [
                  {
                    "address": "10.250.128.4",
                    "auto_delete": true,
                    "href": "https://br-sao.iaas.cloud.ibm.com/v1/subnets/02v7-877bde14-5cf0-48ad-8bde-99bfa50481a4/reserved_ips/02v7-ef0019f6-00f5-4ba7-a2ee-493cf2175c2d",
                    "name": "asparagus-winnings-unlighted-gallon",
                    "reserved_ip": "02v7-ef0019f6-00f5-4ba7-a2ee-493cf2175c2d",
                    "resource_type": "subnet_reserved_ip"
                  }
                ],
                "primary_ipv4_address": "10.250.128.4",
                "security_groups": [
                  "r042-4f894254-478a-4336-9c59-da2386869dac"
                ],
                "subnet": "02v7-877bde14-5cf0-48ad-8bde-99bfa50481a4"
              }
            ],
            "profile": "mz2o-2x16",
            "resource_controller_url": "https://cloud.ibm.com/vpc-ext/compute/vs",
            "resource_crn": "crn:v1:bluemix:public:is:br-sao-3:a/bcc76eb6dfed85fe01d7c7481cf86102::instance:02v7_9bd4b3aa-0e53-4df2-9b6c-f0b7a8b513fb",
            "resource_group": "8d923eb7bb0a450baa9bafb46aba797e",
            "resource_group_name": "wazi-demo-rg",
            "resource_name": "nelson-dbb-terra2-vsi1",
            "resource_status": "running",
            "status": "running",
            "status_reasons": [],
            "tags": [],
            "timeouts": null,
            "total_network_bandwidth": 3000,
            "total_volume_bandwidth": 1000,
            "user_data": null,
            "vcpu": [
              {
                "architecture": "s390x",
                "count": 2
              }
            ],
            "volume_attachments": [
              {
                "id": "02v7-f378c0ea-f4fa-4d2a-a85b-503abc6c98e3",
                "name": "mushiness-triangle-wildcat-hummus",
                "volume_crn": "crn:v1:bluemix:public:is:br-sao-3:a/bcc76eb6dfed85fe01d7c7481cf86102::volume:r042-f3ef0795-76b4-4638-9332-5607c011ab28",
                "volume_id": "r042-f3ef0795-76b4-4638-9332-5607c011ab28",
                "volume_name": "wrongful-cathedral-jingling-sprinkled"
              }
            ],
            "volumes": null,
            "vpc": "r042-0c586b4d-43c8-46e4-8608-28b2ff1a1aa2",
            "wait_before_delete": true,
            "zone": "br-sao-3"
          },
          "sensitive_attributes": [],
          "private": "eyJlMmJmYjczMC1lY2FhLTExZTYtOGY4OC0zNDM2M2JjN2M0YzAiOnsiY3JlYXRlIjoxODAwMDAwMDAwMDAwLCJkZWxldGUiOjE4MDAwMDAwMDAwMDAsInVwZGF0ZSI6MTgwMDAwMDAwMDAwMH19",
          "dependencies": [
            "data.ibm_is_image.wazi",
            "data.ibm_is_ssh_key.ssh_key_id",
            "data.ibm_resource_group.group",
            "ibm_is_security_group.sg1",
            "ibm_is_subnet.subnet1",
            "ibm_is_vpc.vpc"
          ]
        }
      ]
    },
    {
      "mode": "managed",
      "type": "ibm_is_security_group",
      "name": "sg1",
      "provider": "provider[\"registry.terraform.io/ibm-cloud/ibm\"]",
      "instances": [
        {
          "schema_version": 0,
          "attributes": {
            "crn": "crn:v1:bluemix:public:is:br-sao:a/bcc76eb6dfed85fe01d7c7481cf86102::security-group:r042-4f894254-478a-4336-9c59-da2386869dac",
            "id": "r042-4f894254-478a-4336-9c59-da2386869dac",
            "name": "nelson-dbb-terra2-sg1",
            "resource_controller_url": "https://cloud.ibm.com/vpc-ext/network/securityGroups",
            "resource_crn": "crn:v1:bluemix:public:is:br-sao:a/bcc76eb6dfed85fe01d7c7481cf86102::security-group:r042-4f894254-478a-4336-9c59-da2386869dac",
            "resource_group": "8d923eb7bb0a450baa9bafb46aba797e",
            "resource_group_name": "wazi-demo-rg",
            "resource_name": "nelson-dbb-terra2-sg1",
            "rules": [],
            "tags": [],
            "vpc": "r042-0c586b4d-43c8-46e4-8608-28b2ff1a1aa2"
          },
          "sensitive_attributes": [],
          "private": "bnVsbA==",
          "dependencies": [
            "data.ibm_resource_group.group",
            "ibm_is_vpc.vpc"
          ]
        }
      ]
    },
    {
      "mode": "managed",
      "type": "ibm_is_security_group_rule",
      "name": "all_out",
      "provider": "provider[\"registry.terraform.io/ibm-cloud/ibm\"]",
      "instances": [
        {
          "schema_version": 0,
          "attributes": {
            "direction": "outbound",
            "group": "r042-4f894254-478a-4336-9c59-da2386869dac",
            "icmp": [],
            "id": "r042-4f894254-478a-4336-9c59-da2386869dac.r042-bdb47b60-22f3-4e95-9082-918fbca45667",
            "ip_version": "ipv4",
            "protocol": "all",
            "related_crn": "crn:v1:bluemix:public:is:br-sao:a/bcc76eb6dfed85fe01d7c7481cf86102::security-group:r042-4f894254-478a-4336-9c59-da2386869dac",
            "remote": "0.0.0.0/0",
            "rule_id": "r042-bdb47b60-22f3-4e95-9082-918fbca45667",
            "tcp": [],
            "udp": []
          },
          "sensitive_attributes": [],
          "private": "bnVsbA==",
          "dependencies": [
            "data.ibm_resource_group.group",
            "ibm_is_security_group.sg1",
            "ibm_is_vpc.vpc"
          ]
        }
      ]
    },
    {
      "mode": "managed",
      "type": "ibm_is_security_group_rule",
      "name": "ingress_ssh_all",
      "provider": "provider[\"registry.terraform.io/ibm-cloud/ibm\"]",
      "instances": [
        {
          "schema_version": 0,
          "attributes": {
            "direction": "inbound",
            "group": "r042-4f894254-478a-4336-9c59-da2386869dac",
            "icmp": [],
            "id": "r042-4f894254-478a-4336-9c59-da2386869dac.r042-200265ca-bfbc-4f92-9746-1cddb2c46736",
            "ip_version": "ipv4",
            "protocol": "tcp",
            "related_crn": "crn:v1:bluemix:public:is:br-sao:a/bcc76eb6dfed85fe01d7c7481cf86102::security-group:r042-4f894254-478a-4336-9c59-da2386869dac",
            "remote": "0.0.0.0/0",
            "rule_id": "r042-200265ca-bfbc-4f92-9746-1cddb2c46736",
            "tcp": [
              {
                "port_max": 65535,
                "port_min": 21
              }
            ],
            "udp": []
          },
          "sensitive_attributes": [],
          "private": "bnVsbA==",
          "dependencies": [
            "data.ibm_resource_group.group",
            "ibm_is_security_group.sg1",
            "ibm_is_vpc.vpc"
          ]
        }
      ]
    },
    {
      "mode": "managed",
      "type": "ibm_is_subnet",
      "name": "subnet1",
      "provider": "provider[\"registry.terraform.io/ibm-cloud/ibm\"]",
      "instances": [
        {
          "schema_version": 0,
          "attributes": {
            "access_tags": [],
            "available_ipv4_address_count": 251,
            "crn": "crn:v1:bluemix:public:is:br-sao-3:a/bcc76eb6dfed85fe01d7c7481cf86102::subnet:02v7-877bde14-5cf0-48ad-8bde-99bfa50481a4",
            "id": "02v7-877bde14-5cf0-48ad-8bde-99bfa50481a4",
            "ip_version": "ipv4",
            "ipv4_cidr_block": "10.250.128.0/24",
            "name": "nelson-dbb-terra2-subnet1",
            "network_acl": "r042-59f13d95-67de-4fab-a425-89290646cf21",
            "public_gateway": "",
            "resource_controller_url": "https://cloud.ibm.com/vpc-ext/network/subnets",
            "resource_crn": "crn:v1:bluemix:public:is:br-sao-3:a/bcc76eb6dfed85fe01d7c7481cf86102::subnet:02v7-877bde14-5cf0-48ad-8bde-99bfa50481a4",
            "resource_group": "8d923eb7bb0a450baa9bafb46aba797e",
            "resource_group_name": "wazi-demo-rg",
            "resource_name": "nelson-dbb-terra2-subnet1",
            "resource_status": "available",
            "routing_table": "r042-12801607-cdf4-4166-8444-7a283da729f9",
            "status": "available",
            "tags": [],
            "timeouts": null,
            "total_ipv4_address_count": 256,
            "vpc": "r042-0c586b4d-43c8-46e4-8608-28b2ff1a1aa2",
            "zone": "br-sao-3"
          },
          "sensitive_attributes": [],
          "private": "eyJlMmJmYjczMC1lY2FhLTExZTYtOGY4OC0zNDM2M2JjN2M0YzAiOnsiY3JlYXRlIjo2MDAwMDAwMDAwMDAsImRlbGV0ZSI6NjAwMDAwMDAwMDAwLCJ1cGRhdGUiOjYwMDAwMDAwMDAwMH19",
          "dependencies": [
            "data.ibm_resource_group.group",
            "ibm_is_vpc.vpc"
          ]
        }
      ]
    },
    {
      "mode": "managed",
      "type": "ibm_is_vpc",
      "name": "vpc",
      "provider": "provider[\"registry.terraform.io/ibm-cloud/ibm\"]",
      "instances": [
        {
          "schema_version": 0,
          "attributes": {
            "address_prefix_management": "auto",
            "classic_access": false,
            "crn": "crn:v1:bluemix:public:is:br-sao:a/bcc76eb6dfed85fe01d7c7481cf86102::vpc:r042-0c586b4d-43c8-46e4-8608-28b2ff1a1aa2",
            "cse_source_addresses": [
              {
                "address": "10.12.180.152",
                "zone_name": "br-sao-1"
              },
              {
                "address": "10.12.77.217",
                "zone_name": "br-sao-2"
              },
              {
                "address": "10.12.84.12",
                "zone_name": "br-sao-3"
              }
            ],
            "default_network_acl": "r042-59f13d95-67de-4fab-a425-89290646cf21",
            "default_network_acl_crn": "crn:v1:bluemix:public:is:br-sao:a/bcc76eb6dfed85fe01d7c7481cf86102::network-acl:r042-59f13d95-67de-4fab-a425-89290646cf21",
            "default_network_acl_name": "dinner-lunchtime-elm-persecute",
            "default_routing_table": "r042-12801607-cdf4-4166-8444-7a283da729f9",
            "default_routing_table_name": "petroleum-panoramic-mushily-dominoes",
            "default_security_group": "r042-86d661fb-da58-45c5-b492-bf93386ef742",
            "default_security_group_crn": "crn:v1:bluemix:public:is:br-sao:a/bcc76eb6dfed85fe01d7c7481cf86102::security-group:r042-86d661fb-da58-45c5-b492-bf93386ef742",
            "default_security_group_name": "drinkable-subduing-barn-pug",
            "id": "r042-0c586b4d-43c8-46e4-8608-28b2ff1a1aa2",
            "name": "nelson-dbb-terra2",
            "resource_controller_url": "https://cloud.ibm.com/vpc-ext/network/vpcs",
            "resource_crn": "crn:v1:bluemix:public:is:br-sao:a/bcc76eb6dfed85fe01d7c7481cf86102::vpc:r042-0c586b4d-43c8-46e4-8608-28b2ff1a1aa2",
            "resource_group": "8d923eb7bb0a450baa9bafb46aba797e",
            "resource_group_name": "wazi-demo-rg",
            "resource_name": "nelson-dbb-terra2",
            "resource_status": "available",
            "security_group": [
              {
                "group_id": "r042-86d661fb-da58-45c5-b492-bf93386ef742",
                "group_name": "drinkable-subduing-barn-pug",
                "rules": [
                  {
                    "code": 0,
                    "direction": "outbound",
                    "ip_version": "ipv4",
                    "port_max": 0,
                    "port_min": 0,
                    "protocol": "all",
                    "remote": "0.0.0.0/0",
                    "rule_id": "r042-24851ec5-ffd7-4912-a625-1eb8273a4137",
                    "type": 0
                  },
                  {
                    "code": 0,
                    "direction": "inbound",
                    "ip_version": "ipv4",
                    "port_max": 0,
                    "port_min": 0,
                    "protocol": "all",
                    "remote": "r042-86d661fb-da58-45c5-b492-bf93386ef742",
                    "rule_id": "r042-fd984eef-ea1b-4797-be6d-2d1d72d7c708",
                    "type": 0
                  }
                ]
              }
            ],
            "status": "available",
            "subnets": [],
            "tags": [],
            "timeouts": null
          },
          "sensitive_attributes": [],
          "private": "eyJlMmJmYjczMC1lY2FhLTExZTYtOGY4OC0zNDM2M2JjN2M0YzAiOnsiY3JlYXRlIjo2MDAwMDAwMDAwMDAsImRlbGV0ZSI6NjAwMDAwMDAwMDAwfX0=",
          "dependencies": [
            "data.ibm_resource_group.group"
          ]
        }
      ]
    }
  ]
}
