{
  "version": 4,
  "terraform_version": "1.2.4",
  "serial": 65,
  "lineage": "e59fceed-a177-6aed-9a49-bb753e3d1f51",
  "outputs": {
    "Info": {
      "value": "  \r\n    Your new VSI(nelson-dbb-terra2-vsi1) IP is 163.109.95.62. The IPL has started and takes about 5 mins.\r\n    From your cloud UI, use the VSI action/serial term to view the MCS and IPL state.\r\n    Run \"terraform show\" to redisplay these instructions.\r\n\r\n    A special DEMO script (postinit) has been created to initialize a dev runtime on the new instance.    \r\n    Cut and paste the command below to run the scrip:\r\n       call App-Iac/postinit  163.109.95.62  \r\n\r\n    See the README.md for more details.        \r\n",
      "type": "string"
    }
  },
  "resources": [
    {
      "mode": "data",
      "type": "ibm_is_image",
      "name": "wazi",
      "provider": "provider[\"registry.terraform.io/ibm-cloud/ibm\"]",
      "instances": [
        {
          "schema_version": 0,
          "attributes": {
            "architecture": "s390x",
            "checksum": "aadc64947efd75055e1047ba8e7086d756541dc9a5832466be3fbef6c8eeaec4",
            "crn": "crn:v1:bluemix:public:is:br-sao:a/811f8abfbd32425597dc7ba40da98fa6::image:r042-e35f4293-fd0a-456e-b07c-3ac2bf34e162",
            "encryption": "none",
            "encryption_key": null,
            "id": "r042-e35f4293-fd0a-456e-b07c-3ac2bf34e162",
            "identifier": null,
            "name": "ibm-zos-2-4-s390x-dev-test-wazi-1",
            "os": "zos-2-4-s390x-dev-test",
            "source_volume": null,
            "status": "available",
            "visibility": "public"
          },
          "sensitive_attributes": []
        }
      ]
    },
    {
      "mode": "data",
      "type": "ibm_is_ssh_key",
      "name": "ssh_key_id",
      "provider": "provider[\"registry.terraform.io/ibm-cloud/ibm\"]",
      "instances": [
        {
          "schema_version": 0,
          "attributes": {
            "crn": "crn:v1:bluemix:public:is:br-sao:a/bcc76eb6dfed85fe01d7c7481cf86102::key:r042-0600494d-eb60-4156-ae0f-b94aeb2c153c",
            "fingerprint": "SHA256:6XLdVhxcP+Ore6GkB+QvsV7u7aH0YcHza61uCilENM0",
            "id": "r042-0600494d-eb60-4156-ae0f-b94aeb2c153c",
            "length": 1024,
            "name": "nelsons-pub-ssh-key",
            "public_key": "ssh-rsa AAAAB3NzaC1yc2EAAAADAQABAAAAgQCbqcCQ9HvAAYwIeWp6BGW0kSmjkN0LVeej6j7MTcZh4lbrrcArMZ6uCLJa8iJQCoyL5+PWXLqICY+Z2iwh+6qHh4PXPRQH+V5uyVtX4U/iqD6vrnzphNqZe05dIBTpL5j+UgNDZTDJV7DpZYHKbUgb4e5u/2Ii1d89vQCc9krPjw==",
            "resource_controller_url": "https://cloud.ibm.com/vpc/compute/sshKeys",
            "resource_crn": "crn:v1:bluemix:public:is:br-sao:a/bcc76eb6dfed85fe01d7c7481cf86102::key:r042-0600494d-eb60-4156-ae0f-b94aeb2c153c",
            "resource_group": null,
            "resource_group_name": "8d923eb7bb0a450baa9bafb46aba797e",
            "resource_name": "nelsons-pub-ssh-key",
            "type": "rsa"
          },
          "sensitive_attributes": []
        }
      ]
    },
    {
      "mode": "data",
      "type": "ibm_resource_group",
      "name": "group",
      "provider": "provider[\"registry.terraform.io/ibm-cloud/ibm\"]",
      "instances": [
        {
          "schema_version": 0,
          "attributes": {
            "account_id": "bcc76eb6dfed85fe01d7c7481cf86102",
            "created_at": "2022-04-26T17:49:02.953Z",
            "crn": "crn:v1:bluemix:public:resource-controller::a/bcc76eb6dfed85fe01d7c7481cf86102::resource-group:8d923eb7bb0a450baa9bafb46aba797e",
            "id": "8d923eb7bb0a450baa9bafb46aba797e",
            "is_default": false,
            "name": "wazi-demo-rg",
            "payment_methods_url": "/v2/resource_groups/8d923eb7bb0a450baa9bafb46aba797e/payment_methods",
            "quota_id": "a3d7b8d01e261c24677937c29ab33f3c",
            "quota_url": "/v2/quota_definitions/a3d7b8d01e261c24677937c29ab33f3c",
            "resource_linkages": [],
            "state": "ACTIVE",
            "teams_url": "/v2/resource_groups/8d923eb7bb0a450baa9bafb46aba797e/teams",
            "updated_at": "2022-04-26T17:49:02.953Z"
          },
          "sensitive_attributes": []
        }
      ]
    },
    {
      "mode": "managed",
      "type": "ibm_is_floating_ip",
      "name": "fip1",
      "provider": "provider[\"registry.terraform.io/ibm-cloud/ibm\"]",
      "instances": [
        {
          "schema_version": 0,
          "attributes": {
            "address": "163.109.95.62",
            "crn": "crn:v1:bluemix:public:is:br-sao-3:a/bcc76eb6dfed85fe01d7c7481cf86102::floating-ip:r042-33f7d710-386e-431f-84ef-92c868f97336",
            "id": "r042-33f7d710-386e-431f-84ef-92c868f97336",
            "name": "nelson-dbb-terra2-fip1",
            "resource_controller_url": "https://cloud.ibm.com/vpc-ext/network/floatingIPs",
            "resource_crn": "crn:v1:bluemix:public:is:br-sao-3:a/bcc76eb6dfed85fe01d7c7481cf86102::floating-ip:r042-33f7d710-386e-431f-84ef-92c868f97336",
            "resource_group": "8d923eb7bb0a450baa9bafb46aba797e",
            "resource_group_name": "wazi-demo-rg",
            "resource_name": "nelson-dbb-terra2-fip1",
            "resource_status": "available",
            "status": "available",
            "tags": [],
            "target": "02v7-de85b465-7b30-41a9-b010-a946cb328bc5",
            "target_list": [
              {
                "crn": "",
                "deleted": [],
                "href": "https://br-sao.iaas.cloud.ibm.com/v1/instances/02v7_0a11278e-4a96-48bb-8dd5-f7be2ed0d9dd/network_interfaces/02v7-de85b465-7b30-41a9-b010-a946cb328bc5",
                "id": "02v7-de85b465-7b30-41a9-b010-a946cb328bc5",
                "name": "juggling-salon-racings-drown",
                "primary_ip": [
                  {
                    "address": "10.250.128.4",
                    "href": "https://br-sao.iaas.cloud.ibm.com/v1/subnets/02v7-79c7c878-4e88-46dc-9068-0a970860bba0/reserved_ips/02v7-cd6703f2-8fe3-490f-bd49-e06606f455a3",
                    "name": "passport-dislocate-undrilled-refueling",
                    "reserved_ip": "02v7-cd6703f2-8fe3-490f-bd49-e06606f455a3",
                    "resource_type": "subnet_reserved_ip"
                  }
                ],
                "resource_type": "network_interface"
              }
            ],
            "timeouts": null,
            "zone": "br-sao-3"
          },
          "sensitive_attributes": [],
          "private": "eyJlMmJmYjczMC1lY2FhLTExZTYtOGY4OC0zNDM2M2JjN2M0YzAiOnsiY3JlYXRlIjo2MDAwMDAwMDAwMDAsImRlbGV0ZSI6NjAwMDAwMDAwMDAwfX0=",
          "dependencies": [
            "data.ibm_is_image.wazi",
            "data.ibm_is_ssh_key.ssh_key_id",
            "data.ibm_resource_group.group",
            "ibm_is_instance.vsi1",
            "ibm_is_security_group.sg1",
            "ibm_is_subnet.subnet1",
            "ibm_is_vpc.vpc"
          ]
        }
      ]
    },
    {
      "mode": "managed",
      "type": "ibm_is_instance",
      "name": "vsi1",
      "provider": "provider[\"registry.terraform.io/ibm-cloud/ibm\"]",
      "instances": [
        {
          "schema_version": 0,
          "attributes": {
            "action": null,
            "auto_delete_volume": null,
            "availability_policy_host_failure": "restart",
            "bandwidth": 4000,
            "boot_volume": [
              {
                "encryption": "",
                "iops": 3000,
                "name": "washhouse-escalator-coastline-jawless",
                "profile": "general-purpose",
                "size": 185,
                "snapshot": "",
                "volume_id": "r042-b74efd19-3f9b-439a-88fd-c7bac93f52d4"
              }
            ],
            "crn": "crn:v1:bluemix:public:is:br-sao-3:a/bcc76eb6dfed85fe01d7c7481cf86102::instance:02v7_0a11278e-4a96-48bb-8dd5-f7be2ed0d9dd",
            "dedicated_host": null,
            "dedicated_host_group": null,
            "default_trusted_profile_auto_link": null,
            "default_trusted_profile_target": null,
            "disks": [],
            "force_action": false,
            "force_recovery_time": null,
            "gpu": [],
            "id": "02v7_0a11278e-4a96-48bb-8dd5-f7be2ed0d9dd",
            "image": "r042-e35f4293-fd0a-456e-b07c-3ac2bf34e162",
            "instance_template": null,
            "keys": [
              "r042-0600494d-eb60-4156-ae0f-b94aeb2c153c"
            ],
            "memory": 16,
            "metadata_service_enabled": null,
            "name": "nelson-dbb-terra2-vsi1",
            "network_interfaces": [],
            "placement_group": null,
            "placement_target": [],
            "primary_network_interface": [
              {
                "allow_ip_spoofing": false,
                "id": "02v7-de85b465-7b30-41a9-b010-a946cb328bc5",
                "name": "juggling-salon-racings-drown",
                "port_speed": 3000,
                "primary_ip": [
                  {
                    "address": "10.250.128.4",
                    "auto_delete": true,
                    "href": "https://br-sao.iaas.cloud.ibm.com/v1/subnets/02v7-79c7c878-4e88-46dc-9068-0a970860bba0/reserved_ips/02v7-cd6703f2-8fe3-490f-bd49-e06606f455a3",
                    "name": "passport-dislocate-undrilled-refueling",
                    "reserved_ip": "02v7-cd6703f2-8fe3-490f-bd49-e06606f455a3",
                    "resource_type": "subnet_reserved_ip"
                  }
                ],
                "primary_ipv4_address": "10.250.128.4",
                "security_groups": [
                  "r042-b952d68e-7fec-4c33-be8f-da8fcd2a02dd"
                ],
                "subnet": "02v7-79c7c878-4e88-46dc-9068-0a970860bba0"
              }
            ],
            "profile": "mz2o-2x16",
            "resource_controller_url": "https://cloud.ibm.com/vpc-ext/compute/vs",
            "resource_crn": "crn:v1:bluemix:public:is:br-sao-3:a/bcc76eb6dfed85fe01d7c7481cf86102::instance:02v7_0a11278e-4a96-48bb-8dd5-f7be2ed0d9dd",
            "resource_group": "8d923eb7bb0a450baa9bafb46aba797e",
            "resource_group_name": "wazi-demo-rg",
            "resource_name": "nelson-dbb-terra2-vsi1",
            "resource_status": "running",
            "status": "running",
            "status_reasons": [],
            "tags": [],
            "timeouts": null,
            "total_network_bandwidth": 3000,
            "total_volume_bandwidth": 1000,
            "user_data": null,
            "vcpu": [
              {
                "architecture": "s390x",
                "count": 2
              }
            ],
            "volume_attachments": [
              {
                "id": "02v7-476f7dc4-ea6d-41a9-a5a5-40c8a046b580",
                "name": "chowder-chasing-thesis-viscosity",
                "volume_crn": "crn:v1:bluemix:public:is:br-sao-3:a/bcc76eb6dfed85fe01d7c7481cf86102::volume:r042-b74efd19-3f9b-439a-88fd-c7bac93f52d4",
                "volume_id": "r042-b74efd19-3f9b-439a-88fd-c7bac93f52d4",
                "volume_name": "washhouse-escalator-coastline-jawless"
              }
            ],
            "volumes": null,
            "vpc": "r042-c96ef0c2-9376-46d9-937b-4362345cdc3a",
            "wait_before_delete": true,
            "zone": "br-sao-3"
          },
          "sensitive_attributes": [],
          "private": "eyJlMmJmYjczMC1lY2FhLTExZTYtOGY4OC0zNDM2M2JjN2M0YzAiOnsiY3JlYXRlIjoxODAwMDAwMDAwMDAwLCJkZWxldGUiOjE4MDAwMDAwMDAwMDAsInVwZGF0ZSI6MTgwMDAwMDAwMDAwMH19",
          "dependencies": [
            "data.ibm_is_image.wazi",
            "data.ibm_is_ssh_key.ssh_key_id",
            "data.ibm_resource_group.group",
            "ibm_is_security_group.sg1",
            "ibm_is_subnet.subnet1",
            "ibm_is_vpc.vpc"
          ]
        }
      ]
    },
    {
      "mode": "managed",
      "type": "ibm_is_security_group",
      "name": "sg1",
      "provider": "provider[\"registry.terraform.io/ibm-cloud/ibm\"]",
      "instances": [
        {
          "schema_version": 0,
          "attributes": {
            "crn": "crn:v1:bluemix:public:is:br-sao:a/bcc76eb6dfed85fe01d7c7481cf86102::security-group:r042-b952d68e-7fec-4c33-be8f-da8fcd2a02dd",
            "id": "r042-b952d68e-7fec-4c33-be8f-da8fcd2a02dd",
            "name": "nelson-dbb-terra2-sg1",
            "resource_controller_url": "https://cloud.ibm.com/vpc-ext/network/securityGroups",
            "resource_crn": "crn:v1:bluemix:public:is:br-sao:a/bcc76eb6dfed85fe01d7c7481cf86102::security-group:r042-b952d68e-7fec-4c33-be8f-da8fcd2a02dd",
            "resource_group": "8d923eb7bb0a450baa9bafb46aba797e",
            "resource_group_name": "wazi-demo-rg",
            "resource_name": "nelson-dbb-terra2-sg1",
            "rules": [],
            "tags": [],
            "vpc": "r042-c96ef0c2-9376-46d9-937b-4362345cdc3a"
          },
          "sensitive_attributes": [],
          "private": "bnVsbA==",
          "dependencies": [
            "data.ibm_resource_group.group",
            "ibm_is_vpc.vpc"
          ]
        }
      ]
    },
    {
      "mode": "managed",
      "type": "ibm_is_security_group_rule",
      "name": "all_out",
      "provider": "provider[\"registry.terraform.io/ibm-cloud/ibm\"]",
      "instances": [
        {
          "schema_version": 0,
          "attributes": {
            "direction": "outbound",
            "group": "r042-b952d68e-7fec-4c33-be8f-da8fcd2a02dd",
            "icmp": [],
            "id": "r042-b952d68e-7fec-4c33-be8f-da8fcd2a02dd.r042-f56f696c-5bfc-4d28-9e3c-254d3f005fd2",
            "ip_version": "ipv4",
            "protocol": "all",
            "related_crn": "crn:v1:bluemix:public:is:br-sao:a/bcc76eb6dfed85fe01d7c7481cf86102::security-group:r042-b952d68e-7fec-4c33-be8f-da8fcd2a02dd",
            "remote": "0.0.0.0/0",
            "rule_id": "r042-f56f696c-5bfc-4d28-9e3c-254d3f005fd2",
            "tcp": [],
            "udp": []
          },
          "sensitive_attributes": [],
          "private": "bnVsbA==",
          "dependencies": [
            "data.ibm_resource_group.group",
            "ibm_is_security_group.sg1",
            "ibm_is_vpc.vpc"
          ]
        }
      ]
    },
    {
      "mode": "managed",
      "type": "ibm_is_security_group_rule",
      "name": "ingress_ssh_all",
      "provider": "provider[\"registry.terraform.io/ibm-cloud/ibm\"]",
      "instances": [
        {
          "schema_version": 0,
          "attributes": {
            "direction": "inbound",
            "group": "r042-b952d68e-7fec-4c33-be8f-da8fcd2a02dd",
            "icmp": [],
            "id": "r042-b952d68e-7fec-4c33-be8f-da8fcd2a02dd.r042-4ae1d947-7521-4a48-a0cb-b0ddb26ebe28",
            "ip_version": "ipv4",
            "protocol": "tcp",
            "related_crn": "crn:v1:bluemix:public:is:br-sao:a/bcc76eb6dfed85fe01d7c7481cf86102::security-group:r042-b952d68e-7fec-4c33-be8f-da8fcd2a02dd",
            "remote": "0.0.0.0/0",
            "rule_id": "r042-4ae1d947-7521-4a48-a0cb-b0ddb26ebe28",
            "tcp": [
              {
                "port_max": 65352,
                "port_min": 21
              }
            ],
            "udp": []
          },
          "sensitive_attributes": [],
          "private": "bnVsbA==",
          "dependencies": [
            "data.ibm_resource_group.group",
            "ibm_is_security_group.sg1",
            "ibm_is_vpc.vpc"
          ]
        }
      ]
    },
    {
      "mode": "managed",
      "type": "ibm_is_subnet",
      "name": "subnet1",
      "provider": "provider[\"registry.terraform.io/ibm-cloud/ibm\"]",
      "instances": [
        {
          "schema_version": 0,
          "attributes": {
            "access_tags": [],
            "available_ipv4_address_count": 251,
            "crn": "crn:v1:bluemix:public:is:br-sao-3:a/bcc76eb6dfed85fe01d7c7481cf86102::subnet:02v7-79c7c878-4e88-46dc-9068-0a970860bba0",
            "id": "02v7-79c7c878-4e88-46dc-9068-0a970860bba0",
            "ip_version": "ipv4",
            "ipv4_cidr_block": "10.250.128.0/24",
            "name": "nelson-dbb-terra2-subnet1",
            "network_acl": "r042-45e780dd-6704-4122-9ee6-644dc59aa8dc",
            "public_gateway": "",
            "resource_controller_url": "https://cloud.ibm.com/vpc-ext/network/subnets",
            "resource_crn": "crn:v1:bluemix:public:is:br-sao-3:a/bcc76eb6dfed85fe01d7c7481cf86102::subnet:02v7-79c7c878-4e88-46dc-9068-0a970860bba0",
            "resource_group": "8d923eb7bb0a450baa9bafb46aba797e",
            "resource_group_name": "wazi-demo-rg",
            "resource_name": "nelson-dbb-terra2-subnet1",
            "resource_status": "available",
            "routing_table": "r042-5c9c00c5-439f-424b-bdc8-668f8f59e9bd",
            "status": "available",
            "tags": [],
            "timeouts": null,
            "total_ipv4_address_count": 256,
            "vpc": "r042-c96ef0c2-9376-46d9-937b-4362345cdc3a",
            "zone": "br-sao-3"
          },
          "sensitive_attributes": [],
          "private": "eyJlMmJmYjczMC1lY2FhLTExZTYtOGY4OC0zNDM2M2JjN2M0YzAiOnsiY3JlYXRlIjo2MDAwMDAwMDAwMDAsImRlbGV0ZSI6NjAwMDAwMDAwMDAwLCJ1cGRhdGUiOjYwMDAwMDAwMDAwMH19",
          "dependencies": [
            "data.ibm_resource_group.group",
            "ibm_is_vpc.vpc"
          ]
        }
      ]
    },
    {
      "mode": "managed",
      "type": "ibm_is_vpc",
      "name": "vpc",
      "provider": "provider[\"registry.terraform.io/ibm-cloud/ibm\"]",
      "instances": [
        {
          "schema_version": 0,
          "attributes": {
            "address_prefix_management": "auto",
            "classic_access": false,
            "crn": "crn:v1:bluemix:public:is:br-sao:a/bcc76eb6dfed85fe01d7c7481cf86102::vpc:r042-c96ef0c2-9376-46d9-937b-4362345cdc3a",
            "cse_source_addresses": [
              {
                "address": "10.12.173.16",
                "zone_name": "br-sao-1"
              },
              {
                "address": "10.12.73.70",
                "zone_name": "br-sao-2"
              },
              {
                "address": "10.12.90.99",
                "zone_name": "br-sao-3"
              }
            ],
            "default_network_acl": "r042-45e780dd-6704-4122-9ee6-644dc59aa8dc",
            "default_network_acl_crn": "crn:v1:bluemix:public:is:br-sao:a/bcc76eb6dfed85fe01d7c7481cf86102::network-acl:r042-45e780dd-6704-4122-9ee6-644dc59aa8dc",
            "default_network_acl_name": "dispatch-doorframe-grandly-concerned",
            "default_routing_table": "r042-5c9c00c5-439f-424b-bdc8-668f8f59e9bd",
            "default_routing_table_name": "discharge-seminar-discover-sliver",
            "default_security_group": "r042-960a3379-90d3-41ac-a9aa-4c4cc08336ae",
            "default_security_group_crn": "crn:v1:bluemix:public:is:br-sao:a/bcc76eb6dfed85fe01d7c7481cf86102::security-group:r042-960a3379-90d3-41ac-a9aa-4c4cc08336ae",
            "default_security_group_name": "unvaried-crouton-errant-foil",
            "id": "r042-c96ef0c2-9376-46d9-937b-4362345cdc3a",
            "name": "nelson-dbb-terra2",
            "resource_controller_url": "https://cloud.ibm.com/vpc-ext/network/vpcs",
            "resource_crn": "crn:v1:bluemix:public:is:br-sao:a/bcc76eb6dfed85fe01d7c7481cf86102::vpc:r042-c96ef0c2-9376-46d9-937b-4362345cdc3a",
            "resource_group": "8d923eb7bb0a450baa9bafb46aba797e",
            "resource_group_name": "wazi-demo-rg",
            "resource_name": "nelson-dbb-terra2",
            "resource_status": "available",
            "security_group": [
              {
                "group_id": "r042-960a3379-90d3-41ac-a9aa-4c4cc08336ae",
                "group_name": "unvaried-crouton-errant-foil",
                "rules": [
                  {
                    "code": 0,
                    "direction": "outbound",
                    "ip_version": "ipv4",
                    "port_max": 0,
                    "port_min": 0,
                    "protocol": "all",
                    "remote": "0.0.0.0/0",
                    "rule_id": "r042-147223cf-ec1b-4eb6-9adb-27c25fc8fc1c",
                    "type": 0
                  },
                  {
                    "code": 0,
                    "direction": "inbound",
                    "ip_version": "ipv4",
                    "port_max": 0,
                    "port_min": 0,
                    "protocol": "all",
                    "remote": "r042-960a3379-90d3-41ac-a9aa-4c4cc08336ae",
                    "rule_id": "r042-07b17629-1ce7-4dc2-8f4f-5e366c091317",
                    "type": 0
                  }
                ]
              }
            ],
            "status": "available",
            "subnets": [],
            "tags": [],
            "timeouts": null
          },
          "sensitive_attributes": [],
          "private": "eyJlMmJmYjczMC1lY2FhLTExZTYtOGY4OC0zNDM2M2JjN2M0YzAiOnsiY3JlYXRlIjo2MDAwMDAwMDAwMDAsImRlbGV0ZSI6NjAwMDAwMDAwMDAwfX0=",
          "dependencies": [
            "data.ibm_resource_group.group"
          ]
        }
      ]
    }
  ]
}
