{
  "version": 4,
  "terraform_version": "1.2.4",
  "serial": 46,
  "lineage": "e59fceed-a177-6aed-9a49-bb753e3d1f51",
  "outputs": {
    "Info": {
      "value": "  \r\n    Your new VSI(nelson-dbb-terra2-vsi1) IP is 163.109.84.152. The IPL has started and takes about 5 mins.\r\n    From your cloud UI, use the VSI action/serial term to view the MCS and IPL state.\r\n    Run \"terraform show\" to redisplay these instructions.\r\n\r\n    A special DEMO script (postinit) has been created to initialize a dev runtime on the new instance.\r\n    \r\n    The App Config script can be run from you terminal using this command\"  \r\n       call App-Iac/postinit  163.109.84.152  \r\n\r\n    The README.md file has more details.        \r\n",
      "type": "string"
    }
  },
  "resources": [
    {
      "mode": "data",
      "type": "ibm_is_image",
      "name": "wazi",
      "provider": "provider[\"registry.terraform.io/ibm-cloud/ibm\"]",
      "instances": [
        {
          "schema_version": 0,
          "attributes": {
            "architecture": "s390x",
            "checksum": "aadc64947efd75055e1047ba8e7086d756541dc9a5832466be3fbef6c8eeaec4",
            "crn": "crn:v1:bluemix:public:is:br-sao:a/811f8abfbd32425597dc7ba40da98fa6::image:r042-e35f4293-fd0a-456e-b07c-3ac2bf34e162",
            "encryption": "none",
            "encryption_key": null,
            "id": "r042-e35f4293-fd0a-456e-b07c-3ac2bf34e162",
            "identifier": null,
            "name": "ibm-zos-2-4-s390x-dev-test-wazi-1",
            "os": "zos-2-4-s390x-dev-test",
            "source_volume": null,
            "status": "available",
            "visibility": "public"
          },
          "sensitive_attributes": []
        }
      ]
    },
    {
      "mode": "data",
      "type": "ibm_is_ssh_key",
      "name": "ssh_key_id",
      "provider": "provider[\"registry.terraform.io/ibm-cloud/ibm\"]",
      "instances": [
        {
          "schema_version": 0,
          "attributes": {
            "crn": "crn:v1:bluemix:public:is:br-sao:a/bcc76eb6dfed85fe01d7c7481cf86102::key:r042-0600494d-eb60-4156-ae0f-b94aeb2c153c",
            "fingerprint": "SHA256:6XLdVhxcP+Ore6GkB+QvsV7u7aH0YcHza61uCilENM0",
            "id": "r042-0600494d-eb60-4156-ae0f-b94aeb2c153c",
            "length": 1024,
            "name": "nelsons-pub-ssh-key",
            "public_key": "ssh-rsa AAAAB3NzaC1yc2EAAAADAQABAAAAgQCbqcCQ9HvAAYwIeWp6BGW0kSmjkN0LVeej6j7MTcZh4lbrrcArMZ6uCLJa8iJQCoyL5+PWXLqICY+Z2iwh+6qHh4PXPRQH+V5uyVtX4U/iqD6vrnzphNqZe05dIBTpL5j+UgNDZTDJV7DpZYHKbUgb4e5u/2Ii1d89vQCc9krPjw==",
            "resource_controller_url": "https://cloud.ibm.com/vpc/compute/sshKeys",
            "resource_crn": "crn:v1:bluemix:public:is:br-sao:a/bcc76eb6dfed85fe01d7c7481cf86102::key:r042-0600494d-eb60-4156-ae0f-b94aeb2c153c",
            "resource_group": null,
            "resource_group_name": "8d923eb7bb0a450baa9bafb46aba797e",
            "resource_name": "nelsons-pub-ssh-key",
            "type": "rsa"
          },
          "sensitive_attributes": []
        }
      ]
    },
    {
      "mode": "data",
      "type": "ibm_resource_group",
      "name": "group",
      "provider": "provider[\"registry.terraform.io/ibm-cloud/ibm\"]",
      "instances": [
        {
          "schema_version": 0,
          "attributes": {
            "account_id": "bcc76eb6dfed85fe01d7c7481cf86102",
            "created_at": "2022-04-26T17:49:02.953Z",
            "crn": "crn:v1:bluemix:public:resource-controller::a/bcc76eb6dfed85fe01d7c7481cf86102::resource-group:8d923eb7bb0a450baa9bafb46aba797e",
            "id": "8d923eb7bb0a450baa9bafb46aba797e",
            "is_default": false,
            "name": "wazi-demo-rg",
            "payment_methods_url": "/v2/resource_groups/8d923eb7bb0a450baa9bafb46aba797e/payment_methods",
            "quota_id": "a3d7b8d01e261c24677937c29ab33f3c",
            "quota_url": "/v2/quota_definitions/a3d7b8d01e261c24677937c29ab33f3c",
            "resource_linkages": [],
            "state": "ACTIVE",
            "teams_url": "/v2/resource_groups/8d923eb7bb0a450baa9bafb46aba797e/teams",
            "updated_at": "2022-04-26T17:49:02.953Z"
          },
          "sensitive_attributes": []
        }
      ]
    },
    {
      "mode": "managed",
      "type": "ibm_is_floating_ip",
      "name": "fip1",
      "provider": "provider[\"registry.terraform.io/ibm-cloud/ibm\"]",
      "instances": [
        {
          "schema_version": 0,
          "attributes": {
            "address": "163.109.84.152",
            "crn": "crn:v1:bluemix:public:is:br-sao-3:a/bcc76eb6dfed85fe01d7c7481cf86102::floating-ip:r042-5ccd2bae-446e-4950-a4a9-6857c3895d56",
            "id": "r042-5ccd2bae-446e-4950-a4a9-6857c3895d56",
            "name": "nelson-dbb-terra2-fip1",
            "resource_controller_url": "https://cloud.ibm.com/vpc-ext/network/floatingIPs",
            "resource_crn": "crn:v1:bluemix:public:is:br-sao-3:a/bcc76eb6dfed85fe01d7c7481cf86102::floating-ip:r042-5ccd2bae-446e-4950-a4a9-6857c3895d56",
            "resource_group": "8d923eb7bb0a450baa9bafb46aba797e",
            "resource_group_name": "wazi-demo-rg",
            "resource_name": "nelson-dbb-terra2-fip1",
            "resource_status": "available",
            "status": "available",
            "tags": [],
            "target": "02v7-b69f59dc-0b16-4beb-bf92-33b6a0676cdb",
            "target_list": [
              {
                "crn": "",
                "deleted": [],
                "href": "https://br-sao.iaas.cloud.ibm.com/v1/instances/02v7_fc8b7e87-33c9-451e-8f1e-38809c98a79d/network_interfaces/02v7-b69f59dc-0b16-4beb-bf92-33b6a0676cdb",
                "id": "02v7-b69f59dc-0b16-4beb-bf92-33b6a0676cdb",
                "name": "unhidden-amok-spellbind-fragility",
                "primary_ip": [
                  {
                    "address": "10.250.128.4",
                    "href": "https://br-sao.iaas.cloud.ibm.com/v1/subnets/02v7-ec22573c-8da4-4871-8c45-ab9c4cd3d5fc/reserved_ips/02v7-5ecfcf51-b777-4530-9f20-9647aa4b2625",
                    "name": "majority-scavenger-railcar-frostbite",
                    "reserved_ip": "02v7-5ecfcf51-b777-4530-9f20-9647aa4b2625",
                    "resource_type": "subnet_reserved_ip"
                  }
                ],
                "resource_type": "network_interface"
              }
            ],
            "timeouts": null,
            "zone": "br-sao-3"
          },
          "sensitive_attributes": [],
          "private": "eyJlMmJmYjczMC1lY2FhLTExZTYtOGY4OC0zNDM2M2JjN2M0YzAiOnsiY3JlYXRlIjo2MDAwMDAwMDAwMDAsImRlbGV0ZSI6NjAwMDAwMDAwMDAwfX0=",
          "dependencies": [
            "data.ibm_is_image.wazi",
            "data.ibm_is_ssh_key.ssh_key_id",
            "data.ibm_resource_group.group",
            "ibm_is_instance.vsi1",
            "ibm_is_security_group.sg1",
            "ibm_is_subnet.subnet1",
            "ibm_is_vpc.vpc"
          ]
        }
      ]
    },
    {
      "mode": "managed",
      "type": "ibm_is_instance",
      "name": "vsi1",
      "provider": "provider[\"registry.terraform.io/ibm-cloud/ibm\"]",
      "instances": [
        {
          "schema_version": 0,
          "attributes": {
            "action": null,
            "auto_delete_volume": null,
            "availability_policy_host_failure": "restart",
            "bandwidth": 4000,
            "boot_volume": [
              {
                "encryption": "",
                "iops": 3000,
                "name": "spur-unfunded-museum-myspace",
                "profile": "general-purpose",
                "size": 185,
                "snapshot": "",
                "volume_id": "r042-f4da8b54-9935-4341-8298-f3378b6a7206"
              }
            ],
            "crn": "crn:v1:bluemix:public:is:br-sao-3:a/bcc76eb6dfed85fe01d7c7481cf86102::instance:02v7_fc8b7e87-33c9-451e-8f1e-38809c98a79d",
            "dedicated_host": null,
            "dedicated_host_group": null,
            "default_trusted_profile_auto_link": null,
            "default_trusted_profile_target": null,
            "disks": [],
            "force_action": false,
            "force_recovery_time": null,
            "gpu": [],
            "id": "02v7_fc8b7e87-33c9-451e-8f1e-38809c98a79d",
            "image": "r042-e35f4293-fd0a-456e-b07c-3ac2bf34e162",
            "instance_template": null,
            "keys": [
              "r042-0600494d-eb60-4156-ae0f-b94aeb2c153c"
            ],
            "memory": 16,
            "metadata_service_enabled": null,
            "name": "nelson-dbb-terra2-vsi1",
            "network_interfaces": [],
            "placement_group": null,
            "placement_target": [],
            "primary_network_interface": [
              {
                "allow_ip_spoofing": false,
                "id": "02v7-b69f59dc-0b16-4beb-bf92-33b6a0676cdb",
                "name": "unhidden-amok-spellbind-fragility",
                "port_speed": 3000,
                "primary_ip": [
                  {
                    "address": "10.250.128.4",
                    "auto_delete": true,
                    "href": "https://br-sao.iaas.cloud.ibm.com/v1/subnets/02v7-ec22573c-8da4-4871-8c45-ab9c4cd3d5fc/reserved_ips/02v7-5ecfcf51-b777-4530-9f20-9647aa4b2625",
                    "name": "majority-scavenger-railcar-frostbite",
                    "reserved_ip": "02v7-5ecfcf51-b777-4530-9f20-9647aa4b2625",
                    "resource_type": "subnet_reserved_ip"
                  }
                ],
                "primary_ipv4_address": "10.250.128.4",
                "security_groups": [
                  "r042-176c634e-e0d7-4bab-b647-bf66f0efd13b"
                ],
                "subnet": "02v7-ec22573c-8da4-4871-8c45-ab9c4cd3d5fc"
              }
            ],
            "profile": "mz2o-2x16",
            "resource_controller_url": "https://cloud.ibm.com/vpc-ext/compute/vs",
            "resource_crn": "crn:v1:bluemix:public:is:br-sao-3:a/bcc76eb6dfed85fe01d7c7481cf86102::instance:02v7_fc8b7e87-33c9-451e-8f1e-38809c98a79d",
            "resource_group": "8d923eb7bb0a450baa9bafb46aba797e",
            "resource_group_name": "wazi-demo-rg",
            "resource_name": "nelson-dbb-terra2-vsi1",
            "resource_status": "running",
            "status": "running",
            "status_reasons": [],
            "tags": [],
            "timeouts": null,
            "total_network_bandwidth": 3000,
            "total_volume_bandwidth": 1000,
            "user_data": null,
            "vcpu": [
              {
                "architecture": "s390x",
                "count": 2
              }
            ],
            "volume_attachments": [
              {
                "id": "02v7-287ef197-1c2c-4807-829a-0bd5049293da",
                "name": "passage-subtotal-strut-dish",
                "volume_crn": "crn:v1:bluemix:public:is:br-sao-3:a/bcc76eb6dfed85fe01d7c7481cf86102::volume:r042-f4da8b54-9935-4341-8298-f3378b6a7206",
                "volume_id": "r042-f4da8b54-9935-4341-8298-f3378b6a7206",
                "volume_name": "spur-unfunded-museum-myspace"
              }
            ],
            "volumes": null,
            "vpc": "r042-3a290f32-ce97-41be-9b83-6d63d8835b3d",
            "wait_before_delete": true,
            "zone": "br-sao-3"
          },
          "sensitive_attributes": [],
          "private": "eyJlMmJmYjczMC1lY2FhLTExZTYtOGY4OC0zNDM2M2JjN2M0YzAiOnsiY3JlYXRlIjoxODAwMDAwMDAwMDAwLCJkZWxldGUiOjE4MDAwMDAwMDAwMDAsInVwZGF0ZSI6MTgwMDAwMDAwMDAwMH19",
          "dependencies": [
            "data.ibm_is_image.wazi",
            "data.ibm_is_ssh_key.ssh_key_id",
            "data.ibm_resource_group.group",
            "ibm_is_security_group.sg1",
            "ibm_is_subnet.subnet1",
            "ibm_is_vpc.vpc"
          ]
        }
      ]
    },
    {
      "mode": "managed",
      "type": "ibm_is_security_group",
      "name": "sg1",
      "provider": "provider[\"registry.terraform.io/ibm-cloud/ibm\"]",
      "instances": [
        {
          "schema_version": 0,
          "attributes": {
            "crn": "crn:v1:bluemix:public:is:br-sao:a/bcc76eb6dfed85fe01d7c7481cf86102::security-group:r042-176c634e-e0d7-4bab-b647-bf66f0efd13b",
            "id": "r042-176c634e-e0d7-4bab-b647-bf66f0efd13b",
            "name": "nelson-dbb-terra2-sg1",
            "resource_controller_url": "https://cloud.ibm.com/vpc-ext/network/securityGroups",
            "resource_crn": "crn:v1:bluemix:public:is:br-sao:a/bcc76eb6dfed85fe01d7c7481cf86102::security-group:r042-176c634e-e0d7-4bab-b647-bf66f0efd13b",
            "resource_group": "8d923eb7bb0a450baa9bafb46aba797e",
            "resource_group_name": "wazi-demo-rg",
            "resource_name": "nelson-dbb-terra2-sg1",
            "rules": [],
            "tags": [],
            "vpc": "r042-3a290f32-ce97-41be-9b83-6d63d8835b3d"
          },
          "sensitive_attributes": [],
          "private": "bnVsbA==",
          "dependencies": [
            "data.ibm_resource_group.group",
            "ibm_is_vpc.vpc"
          ]
        }
      ]
    },
    {
      "mode": "managed",
      "type": "ibm_is_security_group_rule",
      "name": "all_out",
      "provider": "provider[\"registry.terraform.io/ibm-cloud/ibm\"]",
      "instances": [
        {
          "schema_version": 0,
          "attributes": {
            "direction": "outbound",
            "group": "r042-176c634e-e0d7-4bab-b647-bf66f0efd13b",
            "icmp": [],
            "id": "r042-176c634e-e0d7-4bab-b647-bf66f0efd13b.r042-713b5e65-cc24-4187-a8b0-d4ecb4854087",
            "ip_version": "ipv4",
            "protocol": "all",
            "related_crn": "crn:v1:bluemix:public:is:br-sao:a/bcc76eb6dfed85fe01d7c7481cf86102::security-group:r042-176c634e-e0d7-4bab-b647-bf66f0efd13b",
            "remote": "0.0.0.0/0",
            "rule_id": "r042-713b5e65-cc24-4187-a8b0-d4ecb4854087",
            "tcp": [],
            "udp": []
          },
          "sensitive_attributes": [],
          "private": "bnVsbA==",
          "dependencies": [
            "data.ibm_resource_group.group",
            "ibm_is_security_group.sg1",
            "ibm_is_vpc.vpc"
          ]
        }
      ]
    },
    {
      "mode": "managed",
      "type": "ibm_is_security_group_rule",
      "name": "ingress_ssh_all",
      "provider": "provider[\"registry.terraform.io/ibm-cloud/ibm\"]",
      "instances": [
        {
          "schema_version": 0,
          "attributes": {
            "direction": "inbound",
            "group": "r042-176c634e-e0d7-4bab-b647-bf66f0efd13b",
            "icmp": [],
            "id": "r042-176c634e-e0d7-4bab-b647-bf66f0efd13b.r042-864227e3-c423-4ca7-b85d-1c9325555956",
            "ip_version": "ipv4",
            "protocol": "tcp",
            "related_crn": "crn:v1:bluemix:public:is:br-sao:a/bcc76eb6dfed85fe01d7c7481cf86102::security-group:r042-176c634e-e0d7-4bab-b647-bf66f0efd13b",
            "remote": "0.0.0.0/0",
            "rule_id": "r042-864227e3-c423-4ca7-b85d-1c9325555956",
            "tcp": [
              {
                "port_max": 65352,
                "port_min": 21
              }
            ],
            "udp": []
          },
          "sensitive_attributes": [],
          "private": "bnVsbA==",
          "dependencies": [
            "data.ibm_resource_group.group",
            "ibm_is_security_group.sg1",
            "ibm_is_vpc.vpc"
          ]
        }
      ]
    },
    {
      "mode": "managed",
      "type": "ibm_is_subnet",
      "name": "subnet1",
      "provider": "provider[\"registry.terraform.io/ibm-cloud/ibm\"]",
      "instances": [
        {
          "schema_version": 0,
          "attributes": {
            "access_tags": [],
            "available_ipv4_address_count": 251,
            "crn": "crn:v1:bluemix:public:is:br-sao-3:a/bcc76eb6dfed85fe01d7c7481cf86102::subnet:02v7-ec22573c-8da4-4871-8c45-ab9c4cd3d5fc",
            "id": "02v7-ec22573c-8da4-4871-8c45-ab9c4cd3d5fc",
            "ip_version": "ipv4",
            "ipv4_cidr_block": "10.250.128.0/24",
            "name": "nelson-dbb-terra2-subnet1",
            "network_acl": "r042-9b7ced8c-4bcd-40cd-b8d4-1b92993eb080",
            "public_gateway": "",
            "resource_controller_url": "https://cloud.ibm.com/vpc-ext/network/subnets",
            "resource_crn": "crn:v1:bluemix:public:is:br-sao-3:a/bcc76eb6dfed85fe01d7c7481cf86102::subnet:02v7-ec22573c-8da4-4871-8c45-ab9c4cd3d5fc",
            "resource_group": "8d923eb7bb0a450baa9bafb46aba797e",
            "resource_group_name": "wazi-demo-rg",
            "resource_name": "nelson-dbb-terra2-subnet1",
            "resource_status": "available",
            "routing_table": "r042-eec05c44-c9db-4fa8-9bb0-6e531cc683d0",
            "status": "available",
            "tags": [],
            "timeouts": null,
            "total_ipv4_address_count": 256,
            "vpc": "r042-3a290f32-ce97-41be-9b83-6d63d8835b3d",
            "zone": "br-sao-3"
          },
          "sensitive_attributes": [],
          "private": "eyJlMmJmYjczMC1lY2FhLTExZTYtOGY4OC0zNDM2M2JjN2M0YzAiOnsiY3JlYXRlIjo2MDAwMDAwMDAwMDAsImRlbGV0ZSI6NjAwMDAwMDAwMDAwLCJ1cGRhdGUiOjYwMDAwMDAwMDAwMH19",
          "dependencies": [
            "data.ibm_resource_group.group",
            "ibm_is_vpc.vpc"
          ]
        }
      ]
    },
    {
      "mode": "managed",
      "type": "ibm_is_vpc",
      "name": "vpc",
      "provider": "provider[\"registry.terraform.io/ibm-cloud/ibm\"]",
      "instances": [
        {
          "schema_version": 0,
          "attributes": {
            "address_prefix_management": "auto",
            "classic_access": false,
            "crn": "crn:v1:bluemix:public:is:br-sao:a/bcc76eb6dfed85fe01d7c7481cf86102::vpc:r042-3a290f32-ce97-41be-9b83-6d63d8835b3d",
            "cse_source_addresses": [
              {
                "address": "10.12.180.85",
                "zone_name": "br-sao-1"
              },
              {
                "address": "10.12.70.71",
                "zone_name": "br-sao-2"
              },
              {
                "address": "10.12.83.237",
                "zone_name": "br-sao-3"
              }
            ],
            "default_network_acl": "r042-9b7ced8c-4bcd-40cd-b8d4-1b92993eb080",
            "default_network_acl_crn": "crn:v1:bluemix:public:is:br-sao:a/bcc76eb6dfed85fe01d7c7481cf86102::network-acl:r042-9b7ced8c-4bcd-40cd-b8d4-1b92993eb080",
            "default_network_acl_name": "hangout-edging-easily-easily",
            "default_routing_table": "r042-eec05c44-c9db-4fa8-9bb0-6e531cc683d0",
            "default_routing_table_name": "scrubber-slightly-whacky-symptom",
            "default_security_group": "r042-e01a72ee-1f2c-4d45-9272-843724df89d0",
            "default_security_group_crn": "crn:v1:bluemix:public:is:br-sao:a/bcc76eb6dfed85fe01d7c7481cf86102::security-group:r042-e01a72ee-1f2c-4d45-9272-843724df89d0",
            "default_security_group_name": "snowflake-voter-stabilize-latticed",
            "id": "r042-3a290f32-ce97-41be-9b83-6d63d8835b3d",
            "name": "nelson-dbb-terra2",
            "resource_controller_url": "https://cloud.ibm.com/vpc-ext/network/vpcs",
            "resource_crn": "crn:v1:bluemix:public:is:br-sao:a/bcc76eb6dfed85fe01d7c7481cf86102::vpc:r042-3a290f32-ce97-41be-9b83-6d63d8835b3d",
            "resource_group": "8d923eb7bb0a450baa9bafb46aba797e",
            "resource_group_name": "wazi-demo-rg",
            "resource_name": "nelson-dbb-terra2",
            "resource_status": "available",
            "security_group": [
              {
                "group_id": "r042-e01a72ee-1f2c-4d45-9272-843724df89d0",
                "group_name": "snowflake-voter-stabilize-latticed",
                "rules": [
                  {
                    "code": 0,
                    "direction": "outbound",
                    "ip_version": "ipv4",
                    "port_max": 0,
                    "port_min": 0,
                    "protocol": "all",
                    "remote": "0.0.0.0/0",
                    "rule_id": "r042-47ccd41a-2bbb-43b3-8638-97769b998e41",
                    "type": 0
                  },
                  {
                    "code": 0,
                    "direction": "inbound",
                    "ip_version": "ipv4",
                    "port_max": 0,
                    "port_min": 0,
                    "protocol": "all",
                    "remote": "r042-e01a72ee-1f2c-4d45-9272-843724df89d0",
                    "rule_id": "r042-93fa1c92-671d-4823-bde1-32ac9a985ce1",
                    "type": 0
                  }
                ]
              }
            ],
            "status": "available",
            "subnets": [],
            "tags": [],
            "timeouts": null
          },
          "sensitive_attributes": [],
          "private": "eyJlMmJmYjczMC1lY2FhLTExZTYtOGY4OC0zNDM2M2JjN2M0YzAiOnsiY3JlYXRlIjo2MDAwMDAwMDAwMDAsImRlbGV0ZSI6NjAwMDAwMDAwMDAwfX0=",
          "dependencies": [
            "data.ibm_resource_group.group"
          ]
        }
      ]
    }
  ]
}
