{
  "version": 4,
  "terraform_version": "1.2.4",
  "serial": 26,
  "lineage": "d9252fcb-2076-9a5f-199e-76e0084db64c",
  "outputs": {
    "Info": {
      "value": "  \r\n    Your new VSI(nelson-dbb-terra2-vsi1) IP is 163.109.95.182. The IPL started and takes about 3 mins.\r\n    From your cloud UI, use the VSI action/serial term to view the MCS and IPL state.\r\n    Run \"terraform show\" to redisplay these instructions.\r\n\r\n    Cut/paste this windows cmd  to finalize the VSI local setup:\r\n      postinit  163.109.95.182  \r\n",
      "type": "string"
    }
  },
  "resources": [
    {
      "mode": "data",
      "type": "ibm_is_image",
      "name": "wazi",
      "provider": "provider[\"registry.terraform.io/ibm-cloud/ibm\"]",
      "instances": [
        {
          "schema_version": 0,
          "attributes": {
            "architecture": "s390x",
            "checksum": "aadc64947efd75055e1047ba8e7086d756541dc9a5832466be3fbef6c8eeaec4",
            "crn": "crn:v1:bluemix:public:is:br-sao:a/811f8abfbd32425597dc7ba40da98fa6::image:r042-e35f4293-fd0a-456e-b07c-3ac2bf34e162",
            "encryption": "none",
            "encryption_key": null,
            "id": "r042-e35f4293-fd0a-456e-b07c-3ac2bf34e162",
            "identifier": null,
            "name": "ibm-zos-2-4-s390x-dev-test-wazi-1",
            "os": "zos-2-4-s390x-dev-test",
            "source_volume": null,
            "status": "available",
            "visibility": "public"
          },
          "sensitive_attributes": []
        }
      ]
    },
    {
      "mode": "data",
      "type": "ibm_is_ssh_key",
      "name": "ssh_key_id",
      "provider": "provider[\"registry.terraform.io/ibm-cloud/ibm\"]",
      "instances": [
        {
          "schema_version": 0,
          "attributes": {
            "crn": "crn:v1:bluemix:public:is:br-sao:a/bcc76eb6dfed85fe01d7c7481cf86102::key:r042-0600494d-eb60-4156-ae0f-b94aeb2c153c",
            "fingerprint": "SHA256:6XLdVhxcP+Ore6GkB+QvsV7u7aH0YcHza61uCilENM0",
            "id": "r042-0600494d-eb60-4156-ae0f-b94aeb2c153c",
            "length": 1024,
            "name": "nelsons-pub-ssh-key",
            "public_key": "ssh-rsa AAAAB3NzaC1yc2EAAAADAQABAAAAgQCbqcCQ9HvAAYwIeWp6BGW0kSmjkN0LVeej6j7MTcZh4lbrrcArMZ6uCLJa8iJQCoyL5+PWXLqICY+Z2iwh+6qHh4PXPRQH+V5uyVtX4U/iqD6vrnzphNqZe05dIBTpL5j+UgNDZTDJV7DpZYHKbUgb4e5u/2Ii1d89vQCc9krPjw==",
            "resource_controller_url": "https://cloud.ibm.com/vpc/compute/sshKeys",
            "resource_crn": "crn:v1:bluemix:public:is:br-sao:a/bcc76eb6dfed85fe01d7c7481cf86102::key:r042-0600494d-eb60-4156-ae0f-b94aeb2c153c",
            "resource_group": null,
            "resource_group_name": "8d923eb7bb0a450baa9bafb46aba797e",
            "resource_name": "nelsons-pub-ssh-key",
            "type": "rsa"
          },
          "sensitive_attributes": []
        }
      ]
    },
    {
      "mode": "data",
      "type": "ibm_resource_group",
      "name": "group",
      "provider": "provider[\"registry.terraform.io/ibm-cloud/ibm\"]",
      "instances": [
        {
          "schema_version": 0,
          "attributes": {
            "account_id": "bcc76eb6dfed85fe01d7c7481cf86102",
            "created_at": "2022-04-26T17:49:02.953Z",
            "crn": "crn:v1:bluemix:public:resource-controller::a/bcc76eb6dfed85fe01d7c7481cf86102::resource-group:8d923eb7bb0a450baa9bafb46aba797e",
            "id": "8d923eb7bb0a450baa9bafb46aba797e",
            "is_default": false,
            "name": "wazi-demo-rg",
            "payment_methods_url": "/v2/resource_groups/8d923eb7bb0a450baa9bafb46aba797e/payment_methods",
            "quota_id": "a3d7b8d01e261c24677937c29ab33f3c",
            "quota_url": "/v2/quota_definitions/a3d7b8d01e261c24677937c29ab33f3c",
            "resource_linkages": [],
            "state": "ACTIVE",
            "teams_url": "/v2/resource_groups/8d923eb7bb0a450baa9bafb46aba797e/teams",
            "updated_at": "2022-04-26T17:49:02.953Z"
          },
          "sensitive_attributes": []
        }
      ]
    },
    {
      "mode": "managed",
      "type": "ibm_is_floating_ip",
      "name": "fip1",
      "provider": "provider[\"registry.terraform.io/ibm-cloud/ibm\"]",
      "instances": [
        {
          "schema_version": 0,
          "attributes": {
            "address": "163.109.95.182",
            "crn": "crn:v1:bluemix:public:is:br-sao-3:a/bcc76eb6dfed85fe01d7c7481cf86102::floating-ip:r042-a2cbdeb5-e63f-48b1-9141-ddca9d7c03c7",
            "id": "r042-a2cbdeb5-e63f-48b1-9141-ddca9d7c03c7",
            "name": "nelson-dbb-terra2-fip1",
            "resource_controller_url": "https://cloud.ibm.com/vpc-ext/network/floatingIPs",
            "resource_crn": "crn:v1:bluemix:public:is:br-sao-3:a/bcc76eb6dfed85fe01d7c7481cf86102::floating-ip:r042-a2cbdeb5-e63f-48b1-9141-ddca9d7c03c7",
            "resource_group": "8d923eb7bb0a450baa9bafb46aba797e",
            "resource_group_name": "wazi-demo-rg",
            "resource_name": "nelson-dbb-terra2-fip1",
            "resource_status": "available",
            "status": "available",
            "tags": [],
            "target": "02v7-5aa27e74-26c1-4ecb-87e4-9153c7833d8f",
            "target_list": [
              {
                "crn": "",
                "deleted": [],
                "href": "https://br-sao.iaas.cloud.ibm.com/v1/instances/02v7_d9b19e0c-ccd9-49f9-a2d0-79e1681accb0/network_interfaces/02v7-5aa27e74-26c1-4ecb-87e4-9153c7833d8f",
                "id": "02v7-5aa27e74-26c1-4ecb-87e4-9153c7833d8f",
                "name": "deferred-fiftieth-lurex-unmovable",
                "primary_ip": [
                  {
                    "address": "10.250.128.4",
                    "href": "https://br-sao.iaas.cloud.ibm.com/v1/subnets/02v7-cdb14c46-1b6d-4316-bbed-d624e4135ecd/reserved_ips/02v7-340ba5c1-241e-4124-8265-90ef780a9034",
                    "name": "upstart-delicacy-unbroken-pug",
                    "reserved_ip": "02v7-340ba5c1-241e-4124-8265-90ef780a9034",
                    "resource_type": "subnet_reserved_ip"
                  }
                ],
                "resource_type": "network_interface"
              }
            ],
            "timeouts": null,
            "zone": "br-sao-3"
          },
          "sensitive_attributes": [],
          "private": "eyJlMmJmYjczMC1lY2FhLTExZTYtOGY4OC0zNDM2M2JjN2M0YzAiOnsiY3JlYXRlIjo2MDAwMDAwMDAwMDAsImRlbGV0ZSI6NjAwMDAwMDAwMDAwfX0=",
          "dependencies": [
            "data.ibm_is_image.wazi",
            "data.ibm_is_ssh_key.ssh_key_id",
            "data.ibm_resource_group.group",
            "ibm_is_instance.vsi1",
            "ibm_is_security_group.sg1",
            "ibm_is_subnet.subnet1",
            "ibm_is_vpc.vpc"
          ]
        }
      ]
    },
    {
      "mode": "managed",
      "type": "ibm_is_instance",
      "name": "vsi1",
      "provider": "provider[\"registry.terraform.io/ibm-cloud/ibm\"]",
      "instances": [
        {
          "schema_version": 0,
          "attributes": {
            "action": null,
            "auto_delete_volume": null,
            "availability_policy_host_failure": "restart",
            "bandwidth": 4000,
            "boot_volume": [
              {
                "encryption": "",
                "iops": 3000,
                "name": "neglector-uproar-security-vibes",
                "profile": "general-purpose",
                "size": 185,
                "snapshot": "",
                "volume_id": "r042-3e30057c-8f87-456e-b391-5662a3673ec2"
              }
            ],
            "crn": "crn:v1:bluemix:public:is:br-sao-3:a/bcc76eb6dfed85fe01d7c7481cf86102::instance:02v7_d9b19e0c-ccd9-49f9-a2d0-79e1681accb0",
            "dedicated_host": null,
            "dedicated_host_group": null,
            "default_trusted_profile_auto_link": null,
            "default_trusted_profile_target": null,
            "disks": [],
            "force_action": false,
            "force_recovery_time": null,
            "gpu": [],
            "id": "02v7_d9b19e0c-ccd9-49f9-a2d0-79e1681accb0",
            "image": "r042-e35f4293-fd0a-456e-b07c-3ac2bf34e162",
            "instance_template": null,
            "keys": [
              "r042-0600494d-eb60-4156-ae0f-b94aeb2c153c"
            ],
            "memory": 16,
            "metadata_service_enabled": null,
            "name": "nelson-dbb-terra2-vsi1",
            "network_interfaces": [],
            "placement_group": null,
            "placement_target": [],
            "primary_network_interface": [
              {
                "allow_ip_spoofing": false,
                "id": "02v7-5aa27e74-26c1-4ecb-87e4-9153c7833d8f",
                "name": "deferred-fiftieth-lurex-unmovable",
                "port_speed": 3000,
                "primary_ip": [
                  {
                    "address": "10.250.128.4",
                    "auto_delete": true,
                    "href": "https://br-sao.iaas.cloud.ibm.com/v1/subnets/02v7-cdb14c46-1b6d-4316-bbed-d624e4135ecd/reserved_ips/02v7-340ba5c1-241e-4124-8265-90ef780a9034",
                    "name": "upstart-delicacy-unbroken-pug",
                    "reserved_ip": "02v7-340ba5c1-241e-4124-8265-90ef780a9034",
                    "resource_type": "subnet_reserved_ip"
                  }
                ],
                "primary_ipv4_address": "10.250.128.4",
                "security_groups": [
                  "r042-1cd9733b-6d08-4d5e-9853-1a01a71fa986"
                ],
                "subnet": "02v7-cdb14c46-1b6d-4316-bbed-d624e4135ecd"
              }
            ],
            "profile": "mz2o-2x16",
            "resource_controller_url": "https://cloud.ibm.com/vpc-ext/compute/vs",
            "resource_crn": "crn:v1:bluemix:public:is:br-sao-3:a/bcc76eb6dfed85fe01d7c7481cf86102::instance:02v7_d9b19e0c-ccd9-49f9-a2d0-79e1681accb0",
            "resource_group": "8d923eb7bb0a450baa9bafb46aba797e",
            "resource_group_name": "wazi-demo-rg",
            "resource_name": "nelson-dbb-terra2-vsi1",
            "resource_status": "running",
            "status": "running",
            "status_reasons": [],
            "tags": [],
            "timeouts": null,
            "total_network_bandwidth": 3000,
            "total_volume_bandwidth": 1000,
            "user_data": null,
            "vcpu": [
              {
                "architecture": "s390x",
                "count": 2
              }
            ],
            "volume_attachments": [
              {
                "id": "02v7-e9e745e0-1f95-423d-9c07-fe73f3d12f9e",
                "name": "fragment-disbelief-swimmable-cherub",
                "volume_crn": "crn:v1:bluemix:public:is:br-sao-3:a/bcc76eb6dfed85fe01d7c7481cf86102::volume:r042-3e30057c-8f87-456e-b391-5662a3673ec2",
                "volume_id": "r042-3e30057c-8f87-456e-b391-5662a3673ec2",
                "volume_name": "neglector-uproar-security-vibes"
              }
            ],
            "volumes": null,
            "vpc": "r042-39dabfbc-4ec5-4f8d-bada-22e425312bbe",
            "wait_before_delete": true,
            "zone": "br-sao-3"
          },
          "sensitive_attributes": [],
          "private": "eyJlMmJmYjczMC1lY2FhLTExZTYtOGY4OC0zNDM2M2JjN2M0YzAiOnsiY3JlYXRlIjoxODAwMDAwMDAwMDAwLCJkZWxldGUiOjE4MDAwMDAwMDAwMDAsInVwZGF0ZSI6MTgwMDAwMDAwMDAwMH19",
          "dependencies": [
            "data.ibm_is_image.wazi",
            "data.ibm_is_ssh_key.ssh_key_id",
            "data.ibm_resource_group.group",
            "ibm_is_security_group.sg1",
            "ibm_is_subnet.subnet1",
            "ibm_is_vpc.vpc"
          ]
        }
      ]
    },
    {
      "mode": "managed",
      "type": "ibm_is_security_group",
      "name": "sg1",
      "provider": "provider[\"registry.terraform.io/ibm-cloud/ibm\"]",
      "instances": [
        {
          "schema_version": 0,
          "attributes": {
            "crn": "crn:v1:bluemix:public:is:br-sao:a/bcc76eb6dfed85fe01d7c7481cf86102::security-group:r042-1cd9733b-6d08-4d5e-9853-1a01a71fa986",
            "id": "r042-1cd9733b-6d08-4d5e-9853-1a01a71fa986",
            "name": "nelson-dbb-terra2-sg1",
            "resource_controller_url": "https://cloud.ibm.com/vpc-ext/network/securityGroups",
            "resource_crn": "crn:v1:bluemix:public:is:br-sao:a/bcc76eb6dfed85fe01d7c7481cf86102::security-group:r042-1cd9733b-6d08-4d5e-9853-1a01a71fa986",
            "resource_group": "8d923eb7bb0a450baa9bafb46aba797e",
            "resource_group_name": "wazi-demo-rg",
            "resource_name": "nelson-dbb-terra2-sg1",
            "rules": [],
            "tags": [],
            "vpc": "r042-39dabfbc-4ec5-4f8d-bada-22e425312bbe"
          },
          "sensitive_attributes": [],
          "private": "bnVsbA==",
          "dependencies": [
            "data.ibm_resource_group.group",
            "ibm_is_vpc.vpc"
          ]
        }
      ]
    },
    {
      "mode": "managed",
      "type": "ibm_is_security_group_rule",
      "name": "all_out",
      "provider": "provider[\"registry.terraform.io/ibm-cloud/ibm\"]",
      "instances": [
        {
          "schema_version": 0,
          "attributes": {
            "direction": "outbound",
            "group": "r042-1cd9733b-6d08-4d5e-9853-1a01a71fa986",
            "icmp": [],
            "id": "r042-1cd9733b-6d08-4d5e-9853-1a01a71fa986.r042-6e8b0b93-e7f6-4b3e-954a-22d8db4f1c6f",
            "ip_version": "ipv4",
            "protocol": "all",
            "related_crn": "crn:v1:bluemix:public:is:br-sao:a/bcc76eb6dfed85fe01d7c7481cf86102::security-group:r042-1cd9733b-6d08-4d5e-9853-1a01a71fa986",
            "remote": "0.0.0.0/0",
            "rule_id": "r042-6e8b0b93-e7f6-4b3e-954a-22d8db4f1c6f",
            "tcp": [],
            "udp": []
          },
          "sensitive_attributes": [],
          "private": "bnVsbA==",
          "dependencies": [
            "data.ibm_resource_group.group",
            "ibm_is_security_group.sg1",
            "ibm_is_vpc.vpc"
          ]
        }
      ]
    },
    {
      "mode": "managed",
      "type": "ibm_is_security_group_rule",
      "name": "ingress_ssh_all",
      "provider": "provider[\"registry.terraform.io/ibm-cloud/ibm\"]",
      "instances": [
        {
          "schema_version": 0,
          "attributes": {
            "direction": "inbound",
            "group": "r042-1cd9733b-6d08-4d5e-9853-1a01a71fa986",
            "icmp": [],
            "id": "r042-1cd9733b-6d08-4d5e-9853-1a01a71fa986.r042-d9f66451-96f5-434e-b401-e9ce8f19c089",
            "ip_version": "ipv4",
            "protocol": "tcp",
            "related_crn": "crn:v1:bluemix:public:is:br-sao:a/bcc76eb6dfed85fe01d7c7481cf86102::security-group:r042-1cd9733b-6d08-4d5e-9853-1a01a71fa986",
            "remote": "0.0.0.0/0",
            "rule_id": "r042-d9f66451-96f5-434e-b401-e9ce8f19c089",
            "tcp": [
              {
                "port_max": 65352,
                "port_min": 21
              }
            ],
            "udp": []
          },
          "sensitive_attributes": [],
          "private": "bnVsbA==",
          "dependencies": [
            "data.ibm_resource_group.group",
            "ibm_is_security_group.sg1",
            "ibm_is_vpc.vpc"
          ]
        }
      ]
    },
    {
      "mode": "managed",
      "type": "ibm_is_subnet",
      "name": "subnet1",
      "provider": "provider[\"registry.terraform.io/ibm-cloud/ibm\"]",
      "instances": [
        {
          "schema_version": 0,
          "attributes": {
            "access_tags": [],
            "available_ipv4_address_count": 251,
            "crn": "crn:v1:bluemix:public:is:br-sao-3:a/bcc76eb6dfed85fe01d7c7481cf86102::subnet:02v7-cdb14c46-1b6d-4316-bbed-d624e4135ecd",
            "id": "02v7-cdb14c46-1b6d-4316-bbed-d624e4135ecd",
            "ip_version": "ipv4",
            "ipv4_cidr_block": "10.250.128.0/24",
            "name": "nelson-dbb-terra2-subnet1",
            "network_acl": "r042-fb8e43d5-16e5-49e0-b9da-b548e5333a51",
            "public_gateway": "",
            "resource_controller_url": "https://cloud.ibm.com/vpc-ext/network/subnets",
            "resource_crn": "crn:v1:bluemix:public:is:br-sao-3:a/bcc76eb6dfed85fe01d7c7481cf86102::subnet:02v7-cdb14c46-1b6d-4316-bbed-d624e4135ecd",
            "resource_group": "8d923eb7bb0a450baa9bafb46aba797e",
            "resource_group_name": "wazi-demo-rg",
            "resource_name": "nelson-dbb-terra2-subnet1",
            "resource_status": "available",
            "routing_table": "r042-5388c6eb-b224-4f0b-9bf8-bdaf651b3d0e",
            "status": "available",
            "tags": [],
            "timeouts": null,
            "total_ipv4_address_count": 256,
            "vpc": "r042-39dabfbc-4ec5-4f8d-bada-22e425312bbe",
            "zone": "br-sao-3"
          },
          "sensitive_attributes": [],
          "private": "eyJlMmJmYjczMC1lY2FhLTExZTYtOGY4OC0zNDM2M2JjN2M0YzAiOnsiY3JlYXRlIjo2MDAwMDAwMDAwMDAsImRlbGV0ZSI6NjAwMDAwMDAwMDAwLCJ1cGRhdGUiOjYwMDAwMDAwMDAwMH19",
          "dependencies": [
            "data.ibm_resource_group.group",
            "ibm_is_vpc.vpc"
          ]
        }
      ]
    },
    {
      "mode": "managed",
      "type": "ibm_is_vpc",
      "name": "vpc",
      "provider": "provider[\"registry.terraform.io/ibm-cloud/ibm\"]",
      "instances": [
        {
          "schema_version": 0,
          "attributes": {
            "address_prefix_management": "auto",
            "classic_access": false,
            "crn": "crn:v1:bluemix:public:is:br-sao:a/bcc76eb6dfed85fe01d7c7481cf86102::vpc:r042-39dabfbc-4ec5-4f8d-bada-22e425312bbe",
            "cse_source_addresses": [
              {
                "address": "10.12.179.69",
                "zone_name": "br-sao-1"
              },
              {
                "address": "10.12.79.241",
                "zone_name": "br-sao-2"
              },
              {
                "address": "10.12.85.83",
                "zone_name": "br-sao-3"
              }
            ],
            "default_network_acl": "r042-fb8e43d5-16e5-49e0-b9da-b548e5333a51",
            "default_network_acl_crn": "crn:v1:bluemix:public:is:br-sao:a/bcc76eb6dfed85fe01d7c7481cf86102::network-acl:r042-fb8e43d5-16e5-49e0-b9da-b548e5333a51",
            "default_network_acl_name": "repeated-commuting-unpeeled-manpower",
            "default_routing_table": "r042-5388c6eb-b224-4f0b-9bf8-bdaf651b3d0e",
            "default_routing_table_name": "halt-unfixable-childish-pretzel",
            "default_security_group": "r042-650b30e7-2ccf-4373-aa08-ca1df8ce7a85",
            "default_security_group_crn": "crn:v1:bluemix:public:is:br-sao:a/bcc76eb6dfed85fe01d7c7481cf86102::security-group:r042-650b30e7-2ccf-4373-aa08-ca1df8ce7a85",
            "default_security_group_name": "unripe-elixir-creature-hatchback",
            "id": "r042-39dabfbc-4ec5-4f8d-bada-22e425312bbe",
            "name": "nelson-dbb-terra2",
            "resource_controller_url": "https://cloud.ibm.com/vpc-ext/network/vpcs",
            "resource_crn": "crn:v1:bluemix:public:is:br-sao:a/bcc76eb6dfed85fe01d7c7481cf86102::vpc:r042-39dabfbc-4ec5-4f8d-bada-22e425312bbe",
            "resource_group": "8d923eb7bb0a450baa9bafb46aba797e",
            "resource_group_name": "wazi-demo-rg",
            "resource_name": "nelson-dbb-terra2",
            "resource_status": "available",
            "security_group": [
              {
                "group_id": "r042-650b30e7-2ccf-4373-aa08-ca1df8ce7a85",
                "group_name": "unripe-elixir-creature-hatchback",
                "rules": [
                  {
                    "code": 0,
                    "direction": "outbound",
                    "ip_version": "ipv4",
                    "port_max": 0,
                    "port_min": 0,
                    "protocol": "all",
                    "remote": "0.0.0.0/0",
                    "rule_id": "r042-67b18555-1580-431e-87fa-643cbbb1a47d",
                    "type": 0
                  },
                  {
                    "code": 0,
                    "direction": "inbound",
                    "ip_version": "ipv4",
                    "port_max": 0,
                    "port_min": 0,
                    "protocol": "all",
                    "remote": "r042-650b30e7-2ccf-4373-aa08-ca1df8ce7a85",
                    "rule_id": "r042-00184374-c6c7-4f98-816a-ea2b6975657e",
                    "type": 0
                  }
                ]
              }
            ],
            "status": "available",
            "subnets": [],
            "tags": [],
            "timeouts": null
          },
          "sensitive_attributes": [],
          "private": "eyJlMmJmYjczMC1lY2FhLTExZTYtOGY4OC0zNDM2M2JjN2M0YzAiOnsiY3JlYXRlIjo2MDAwMDAwMDAwMDAsImRlbGV0ZSI6NjAwMDAwMDAwMDAwfX0=",
          "dependencies": [
            "data.ibm_resource_group.group"
          ]
        }
      ]
    }
  ]
}
